// !$*UTF8*$!
{
	archiveVersion = 1;
	classes = {
	};
	objectVersion = 46;
	objects = {

/* Begin PBXBuildFile section */
		6B384CFF15A126800038DF62 /* UIKit.framework in Frameworks */ = {isa = PBXBuildFile; fileRef = 6B384CFE15A126800038DF62 /* UIKit.framework */; };
		6B384D0115A126800038DF62 /* Foundation.framework in Frameworks */ = {isa = PBXBuildFile; fileRef = 6B384D0015A126800038DF62 /* Foundation.framework */; };
		6B384D0315A126800038DF62 /* CoreGraphics.framework in Frameworks */ = {isa = PBXBuildFile; fileRef = 6B384D0215A126800038DF62 /* CoreGraphics.framework */; };
		6B384D0915A126800038DF62 /* InfoPlist.strings in Resources */ = {isa = PBXBuildFile; fileRef = 6B384D0715A126800038DF62 /* InfoPlist.strings */; };
		6B384D0B15A126800038DF62 /* main.m in Sources */ = {isa = PBXBuildFile; fileRef = 6B384D0A15A126800038DF62 /* main.m */; };
		6B384D0F15A126800038DF62 /* AppDelegate.m in Sources */ = {isa = PBXBuildFile; fileRef = 6B384D0E15A126800038DF62 /* AppDelegate.m */; };
		6B384D1215A126800038DF62 /* MainStoryboard.storyboard in Resources */ = {isa = PBXBuildFile; fileRef = 6B384D1015A126800038DF62 /* MainStoryboard.storyboard */; };
		6B384D1515A126800038DF62 /* ViewController.m in Sources */ = {isa = PBXBuildFile; fileRef = 6B384D1415A126800038DF62 /* ViewController.m */; };
		6B384D2415A128140038DF62 /* CoreMotion.framework in Frameworks */ = {isa = PBXBuildFile; fileRef = 6B384D2315A128140038DF62 /* CoreMotion.framework */; };
/* End PBXBuildFile section */

/* Begin PBXFileReference section */
		6B384CFA15A126800038DF62 /* Magnetometer.app */ = {isa = PBXFileReference; explicitFileType = wrapper.application; includeInIndex = 0; path = Magnetometer.app; sourceTree = BUILT_PRODUCTS_DIR; };
		6B384CFE15A126800038DF62 /* UIKit.framework */ = {isa = PBXFileReference; lastKnownFileType = wrapper.framework; name = UIKit.framework; path = System/Library/Frameworks/UIKit.framework; sourceTree = SDKROOT; };
		6B384D0015A126800038DF62 /* Foundation.framework */ = {isa = PBXFileReference; lastKnownFileType = wrapper.framework; name = Foundation.framework; path = System/Library/Frameworks/Foundation.framework; sourceTree = SDKROOT; };
		6B384D0215A126800038DF62 /* CoreGraphics.framework */ = {isa = PBXFileReference; lastKnownFileType = wrapper.framework; name = CoreGraphics.framework; path = System/Library/Frameworks/CoreGraphics.framework; sourceTree = SDKROOT; };
		6B384D0615A126800038DF62 /* Magnetometer-Info.plist */ = {isa = PBXFileReference; lastKnownFileType = text.plist.xml; path = "Magnetometer-Info.plist"; sourceTree = "<group>"; };
		6B384D0815A126800038DF62 /* en */ = {isa = PBXFileReference; lastKnownFileType = text.plist.strings; name = en; path = en.lproj/InfoPlist.strings; sourceTree = "<group>"; };
		6B384D0A15A126800038DF62 /* main.m */ = {isa = PBXFileReference; lastKnownFileType = sourcecode.c.objc; path = main.m; sourceTree = "<group>"; };
		6B384D0C15A126800038DF62 /* Magnetometer-Prefix.pch */ = {isa = PBXFileReference; lastKnownFileType = sourcecode.c.h; path = "Magnetometer-Prefix.pch"; sourceTree = "<group>"; };
		6B384D0D15A126800038DF62 /* AppDelegate.h */ = {isa = PBXFileReference; lastKnownFileType = sourcecode.c.h; path = AppDelegate.h; sourceTree = "<group>"; };
		6B384D0E15A126800038DF62 /* AppDelegate.m */ = {isa = PBXFileReference; lastKnownFileType = sourcecode.c.objc; path = AppDelegate.m; sourceTree = "<group>"; };
		6B384D1115A126800038DF62 /* en */ = {isa = PBXFileReference; lastKnownFileType = file.storyboard; name = en; path = en.lproj/MainStoryboard.storyboard; sourceTree = "<group>"; };
		6B384D1315A126800038DF62 /* ViewController.h */ = {isa = PBXFileReference; lastKnownFileType = sourcecode.c.h; path = ViewController.h; sourceTree = "<group>"; };
		6B384D1415A126800038DF62 /* ViewController.m */ = {isa = PBXFileReference; lastKnownFileType = sourcecode.c.objc; path = ViewController.m; sourceTree = "<group>"; };
		6B384D2315A128140038DF62 /* CoreMotion.framework */ = {isa = PBXFileReference; lastKnownFileType = wrapper.framework; name = CoreMotion.framework; path = System/Library/Frameworks/CoreMotion.framework; sourceTree = SDKROOT; };
/* End PBXFileReference section */

/* Begin PBXFrameworksBuildPhase section */
		6B384CF715A126800038DF62 /* Frameworks */ = {
			isa = PBXFrameworksBuildPhase;
			buildActionMask = 2147483647;
			files = (
				6B384D2415A128140038DF62 /* CoreMotion.framework in Frameworks */,
				6B384CFF15A126800038DF62 /* UIKit.framework in Frameworks */,
				6B384D0115A126800038DF62 /* Foundation.framework in Frameworks */,
				6B384D0315A126800038DF62 /* CoreGraphics.framework in Frameworks */,
			);
			runOnlyForDeploymentPostprocessing = 0;
		};
/* End PBXFrameworksBuildPhase section */

/* Begin PBXGroup section */
		6B384CEF15A126800038DF62 = {
			isa = PBXGroup;
			children = (
				6B384D2315A128140038DF62 /* CoreMotion.framework */,
				6B384D0415A126800038DF62 /* Magnetometer */,
				6B384CFD15A126800038DF62 /* Frameworks */,
				6B384CFB15A126800038DF62 /* Products */,
			);
			sourceTree = "<group>";
		};
		6B384CFB15A126800038DF62 /* Products */ = {
			isa = PBXGroup;
			children = (
				6B384CFA15A126800038DF62 /* Magnetometer.app */,
			);
			name = Products;
			sourceTree = "<group>";
		};
		6B384CFD15A126800038DF62 /* Frameworks */ = {
			isa = PBXGroup;
			children = (
				6B384CFE15A126800038DF62 /* UIKit.framework */,
				6B384D0015A126800038DF62 /* Foundation.framework */,
				6B384D0215A126800038DF62 /* CoreGraphics.framework */,
			);
			name = Frameworks;
			sourceTree = "<group>";
		};
		6B384D0415A126800038DF62 /* Magnetometer */ = {
			isa = PBXGroup;
			children = (
				6B384D0D15A126800038DF62 /* AppDelegate.h */,
				6B384D0E15A126800038DF62 /* AppDelegate.m */,
				6B384D1015A126800038DF62 /* MainStoryboard.storyboard */,
				6B384D1315A126800038DF62 /* ViewController.h */,
				6B384D1415A126800038DF62 /* ViewController.m */,
				6B384D0515A126800038DF62 /* Supporting Files */,
			);
			path = Magnetometer;
			sourceTree = "<group>";
		};
		6B384D0515A126800038DF62 /* Supporting Files */ = {
			isa = PBXGroup;
			children = (
				6B384D0615A126800038DF62 /* Magnetometer-Info.plist */,
				6B384D0715A126800038DF62 /* InfoPlist.strings */,
				6B384D0A15A126800038DF62 /* main.m */,
				6B384D0C15A126800038DF62 /* Magnetometer-Prefix.pch */,
			);
			name = "Supporting Files";
			sourceTree = "<group>";
		};
/* End PBXGroup section */

/* Begin PBXNativeTarget section */
		6B384CF915A126800038DF62 /* Magnetometer */ = {
			isa = PBXNativeTarget;
			buildConfigurationList = 6B384D1815A126800038DF62 /* Build configuration list for PBXNativeTarget "Magnetometer" */;
			buildPhases = (
				6B384CF615A126800038DF62 /* Sources */,
				6B384CF715A126800038DF62 /* Frameworks */,
				6B384CF815A126800038DF62 /* Resources */,
			);
			buildRules = (
			);
			dependencies = (
			);
			name = Magnetometer;
			productName = Magnetometer;
			productReference = 6B384CFA15A126800038DF62 /* Magnetometer.app */;
			productType = "com.apple.product-type.application";
		};
/* End PBXNativeTarget section */

/* Begin PBXProject section */
		6B384CF115A126800038DF62 /* Project object */ = {
			isa = PBXProject;
			attributes = {
				LastUpgradeCheck = 0450;
				ORGANIZATIONNAME = "KoKang Chu";
			};
			buildConfigurationList = 6B384CF415A126800038DF62 /* Build configuration list for PBXProject "Magnetometer" */;
			compatibilityVersion = "Xcode 3.2";
			developmentRegion = English;
			hasScannedForEncodings = 0;
			knownRegions = (
				en,
			);
			mainGroup = 6B384CEF15A126800038DF62;
			productRefGroup = 6B384CFB15A126800038DF62 /* Products */;
			projectDirPath = "";
			projectRoot = "";
			targets = (
				6B384CF915A126800038DF62 /* Magnetometer */,
			);
		};
/* End PBXProject section */

/* Begin PBXResourcesBuildPhase section */
		6B384CF815A126800038DF62 /* Resources */ = {
			isa = PBXResourcesBuildPhase;
			buildActionMask = 2147483647;
			files = (
				6B384D0915A126800038DF62 /* InfoPlist.strings in Resources */,
				6B384D1215A126800038DF62 /* MainStoryboard.storyboard in Resources */,
			);
			runOnlyForDeploymentPostprocessing = 0;
		};
/* End PBXResourcesBuildPhase section */

/* Begin PBXSourcesBuildPhase section */
		6B384CF615A126800038DF62 /* Sources */ = {
			isa = PBXSourcesBuildPhase;
			buildActionMask = 2147483647;
			files = (
				6B384D0B15A126800038DF62 /* main.m in Sources */,
				6B384D0F15A126800038DF62 /* AppDelegate.m in Sources */,
				6B384D1515A126800038DF62 /* ViewController.m in Sources */,
			);
			runOnlyForDeploymentPostprocessing = 0;
		};
/* End PBXSourcesBuildPhase section */

/* Begin PBXVariantGroup section */
		6B384D0715A126800038DF62 /* InfoPlist.strings */ = {
			isa = PBXVariantGroup;
			children = (
				6B384D0815A126800038DF62 /* en */,
			);
			name = InfoPlist.strings;
			sourceTree = "<group>";
		};
		6B384D1015A126800038DF62 /* MainStoryboard.storyboard */ = {
			isa = PBXVariantGroup;
			children = (
				6B384D1115A126800038DF62 /* en */,
			);
			name = MainStoryboard.storyboard;
			sourceTree = "<group>";
		};
/* End PBXVariantGroup section */

/* Begin XCBuildConfiguration section */
		6B384D1615A126800038DF62 /* Debug */ = {
			isa = XCBuildConfiguration;
			buildSettings = {
				ALWAYS_SEARCH_USER_PATHS = NO;
				CLANG_CXX_LANGUAGE_STANDARD = "gnu++0x";
				CLANG_ENABLE_OBJC_ARC = YES;
				CLANG_WARN__DUPLICATE_METHOD_MATCH = YES;
				"CODE_SIGN_IDENTITY[sdk=iphoneos*]" = "iPhone Developer";
				COPY_PHASE_STRIP = NO;
				GCC_C_LANGUAGE_STANDARD = gnu99;
				GCC_DYNAMIC_NO_PIC = NO;
				GCC_OPTIMIZATION_LEVEL = 0;
				GCC_PREPROCESSOR_DEFINITIONS = (
					"DEBUG=1",
					"$(inherited)",
				);
				GCC_SYMBOLS_PRIVATE_EXTERN = NO;
				GCC_WARN_ABOUT_RETURN_TYPE = YES;
				GCC_WARN_UNINITIALIZED_AUTOS = YES;
				GCC_WARN_UNUSED_VARIABLE = YES;
				IPHONEOS_DEPLOYMENT_TARGET = 6.0;
				SDKROOT = iphoneos;
			};
			name = Debug;
		};
		6B384D1715A126800038DF62 /* Release */ = {
			isa = XCBuildConfiguration;
			buildSettings = {
				ALWAYS_SEARCH_USER_PATHS = NO;
				CLANG_CXX_LANGUAGE_STANDARD = "gnu++0x";
				CLANG_ENABLE_OBJC_ARC = YES;
				CLANG_WARN__DUPLICATE_METHOD_MATCH = YES;
				"CODE_SIGN_IDENTITY[sdk=iphoneos*]" = "iPhone Developer";
				COPY_PHASE_STRIP = YES;
				GCC_C_LANGUAGE_STANDARD = gnu99;
				GCC_WARN_ABOUT_RETURN_TYPE = YES;
				GCC_WARN_UNINITIALIZED_AUTOS = YES;
				GCC_WARN_UNUSED_VARIABLE = YES;
				IPHONEOS_DEPLOYMENT_TARGET = 6.0;
				OTHER_CFLAGS = "-DNS_BLOCK_ASSERTIONS=1";
				SDKROOT = iphoneos;
				VALIDATE_PRODUCT = YES;
			};
			name = Release;
		};
		6B384D1915A126800038DF62 /* Debug */ = {
			isa = XCBuildConfiguration;
			buildSettings = {
				GCC_PRECOMPILE_PREFIX_HEADER = YES;
				GCC_PREFIX_HEADER = "Magnetometer/Magnetometer-Prefix.pch";
				INFOPLIST_FILE = "Magnetometer/Magnetometer-Info.plist";
				PRODUCT_NAME = "$(TARGET_NAME)";
				WRAPPER_EXTENSION = app;
			};
			name = Debug;
		};
		6B384D1A15A126800038DF62 /* Release */ = {
			isa = XCBuildConfiguration;
			buildSettings = {
				GCC_PRECOMPILE_PREFIX_HEADER = YES;
				GCC_PREFIX_HEADER = "Magnetometer/Magnetometer-Prefix.pch";
				INFOPLIST_FILE = "Magnetometer/Magnetometer-Info.plist";
				PRODUCT_NAME = "$(TARGET_NAME)";
				WRAPPER_EXTENSION = app;
			};
			name = Release;
		};
/* End XCBuildConfiguration section */

/* Begin XCConfigurationList section */
		6B384CF415A126800038DF62 /* Build configuration list for PBXProject "Magnetometer" */ = {
			isa = XCConfigurationList;
			buildConfigurations = (
				6B384D1615A126800038DF62 /* Debug */,
				6B384D1715A126800038DF62 /* Release */,
			);
			defaultConfigurationIsVisible = 0;
			defaultConfigurationName = Release;
		};
		6B384D1815A126800038DF62 /* Build configuration list for PBXNativeTarget "Magnetometer" */ = {
			isa = XCConfigurationList;
			buildConfigurations = (
				6B384D1915A126800038DF62 /* Debug */,
				6B384D1A15A126800038DF62 /* Release */,
			);
			defaultConfigurationIsVisible = 0;
			defaultConfigurationName = Release;
		};
/* End XCConfigurationList section */
	};
	rootObject = 6B384CF115A126800038DF62 /* Project object */;
}
