// !$*UTF8*$!
{
	archiveVersion = 1;
	classes = {
	};
	objectVersion = 46;
	objects = {

/* Begin PBXBuildFile section */
		6BF23704177BE32100763839 /* Foundation.framework in Frameworks */ = {isa = PBXBuildFile; fileRef = 6BF23703177BE32100763839 /* Foundation.framework */; };
		6BF23706177BE32100763839 /* CoreGraphics.framework in Frameworks */ = {isa = PBXBuildFile; fileRef = 6BF23705177BE32100763839 /* CoreGraphics.framework */; };
		6BF23708177BE32100763839 /* UIKit.framework in Frameworks */ = {isa = PBXBuildFile; fileRef = 6BF23707177BE32100763839 /* UIKit.framework */; };
		6BF2370E177BE32100763839 /* InfoPlist.strings in Resources */ = {isa = PBXBuildFile; fileRef = 6BF2370C177BE32100763839 /* InfoPlist.strings */; };
		6BF23710177BE32100763839 /* main.m in Sources */ = {isa = PBXBuildFile; fileRef = 6BF2370F177BE32100763839 /* main.m */; };
		6BF23714177BE32100763839 /* AppDelegate.m in Sources */ = {isa = PBXBuildFile; fileRef = 6BF23713177BE32100763839 /* AppDelegate.m */; };
		6BF23717177BE32100763839 /* Main.storyboard in Resources */ = {isa = PBXBuildFile; fileRef = 6BF23715177BE32100763839 /* Main.storyboard */; };
		6BF2371A177BE32100763839 /* ViewController.m in Sources */ = {isa = PBXBuildFile; fileRef = 6BF23719177BE32100763839 /* ViewController.m */; };
		6BF2371C177BE32100763839 /* Images.xcassets in Resources */ = {isa = PBXBuildFile; fileRef = 6BF2371B177BE32100763839 /* Images.xcassets */; };
		6BF23723177BE32100763839 /* XCTest.framework in Frameworks */ = {isa = PBXBuildFile; fileRef = 6BF23722177BE32100763839 /* XCTest.framework */; };
		6BF23724177BE32100763839 /* Foundation.framework in Frameworks */ = {isa = PBXBuildFile; fileRef = 6BF23703177BE32100763839 /* Foundation.framework */; };
		6BF23725177BE32100763839 /* UIKit.framework in Frameworks */ = {isa = PBXBuildFile; fileRef = 6BF23707177BE32100763839 /* UIKit.framework */; };
		6BF2372D177BE32100763839 /* InfoPlist.strings in Resources */ = {isa = PBXBuildFile; fileRef = 6BF2372B177BE32100763839 /* InfoPlist.strings */; };
		6BF2372F177BE32100763839 /* AttachmentBehaviorTests.m in Sources */ = {isa = PBXBuildFile; fileRef = 6BF2372E177BE32100763839 /* AttachmentBehaviorTests.m */; };
/* End PBXBuildFile section */

/* Begin PBXContainerItemProxy section */
		6BF23726177BE32100763839 /* PBXContainerItemProxy */ = {
			isa = PBXContainerItemProxy;
			containerPortal = 6BF236F8177BE32100763839 /* Project object */;
			proxyType = 1;
			remoteGlobalIDString = 6BF236FF177BE32100763839;
			remoteInfo = AttachmentBehavior;
		};
/* End PBXContainerItemProxy section */

/* Begin PBXFileReference section */
		6BF23700177BE32100763839 /* AttachmentBehavior.app */ = {isa = PBXFileReference; explicitFileType = wrapper.application; includeInIndex = 0; path = AttachmentBehavior.app; sourceTree = BUILT_PRODUCTS_DIR; };
		6BF23703177BE32100763839 /* Foundation.framework */ = {isa = PBXFileReference; lastKnownFileType = wrapper.framework; name = Foundation.framework; path = System/Library/Frameworks/Foundation.framework; sourceTree = SDKROOT; };
		6BF23705177BE32100763839 /* CoreGraphics.framework */ = {isa = PBXFileReference; lastKnownFileType = wrapper.framework; name = CoreGraphics.framework; path = System/Library/Frameworks/CoreGraphics.framework; sourceTree = SDKROOT; };
		6BF23707177BE32100763839 /* UIKit.framework */ = {isa = PBXFileReference; lastKnownFileType = wrapper.framework; name = UIKit.framework; path = System/Library/Frameworks/UIKit.framework; sourceTree = SDKROOT; };
		6BF2370B177BE32100763839 /* AttachmentBehavior-Info.plist */ = {isa = PBXFileReference; lastKnownFileType = text.plist.xml; path = "AttachmentBehavior-Info.plist"; sourceTree = "<group>"; };
		6BF2370D177BE32100763839 /* en */ = {isa = PBXFileReference; lastKnownFileType = text.plist.strings; name = en; path = en.lproj/InfoPlist.strings; sourceTree = "<group>"; };
		6BF2370F177BE32100763839 /* main.m */ = {isa = PBXFileReference; lastKnownFileType = sourcecode.c.objc; path = main.m; sourceTree = "<group>"; };
		6BF23711177BE32100763839 /* AttachmentBehavior-Prefix.pch */ = {isa = PBXFileReference; lastKnownFileType = sourcecode.c.h; path = "AttachmentBehavior-Prefix.pch"; sourceTree = "<group>"; };
		6BF23712177BE32100763839 /* AppDelegate.h */ = {isa = PBXFileReference; lastKnownFileType = sourcecode.c.h; path = AppDelegate.h; sourceTree = "<group>"; };
		6BF23713177BE32100763839 /* AppDelegate.m */ = {isa = PBXFileReference; lastKnownFileType = sourcecode.c.objc; path = AppDelegate.m; sourceTree = "<group>"; };
		6BF23716177BE32100763839 /* Base */ = {isa = PBXFileReference; lastKnownFileType = file.storyboard; name = Base; path = Base.lproj/Main.storyboard; sourceTree = "<group>"; };
		6BF23718177BE32100763839 /* ViewController.h */ = {isa = PBXFileReference; lastKnownFileType = sourcecode.c.h; path = ViewController.h; sourceTree = "<group>"; };
		6BF23719177BE32100763839 /* ViewController.m */ = {isa = PBXFileReference; lastKnownFileType = sourcecode.c.objc; path = ViewController.m; sourceTree = "<group>"; };
		6BF2371B177BE32100763839 /* Images.xcassets */ = {isa = PBXFileReference; lastKnownFileType = folder.assetcatalog; path = Images.xcassets; sourceTree = "<group>"; };
		6BF23721177BE32100763839 /* AttachmentBehaviorTests.xctest */ = {isa = PBXFileReference; explicitFileType = wrapper.cfbundle; includeInIndex = 0; path = AttachmentBehaviorTests.xctest; sourceTree = BUILT_PRODUCTS_DIR; };
		6BF23722177BE32100763839 /* XCTest.framework */ = {isa = PBXFileReference; lastKnownFileType = wrapper.framework; name = XCTest.framework; path = Library/Frameworks/XCTest.framework; sourceTree = DEVELOPER_DIR; };
		6BF2372A177BE32100763839 /* AttachmentBehaviorTests-Info.plist */ = {isa = PBXFileReference; lastKnownFileType = text.plist.xml; path = "AttachmentBehaviorTests-Info.plist"; sourceTree = "<group>"; };
		6BF2372C177BE32100763839 /* en */ = {isa = PBXFileReference; lastKnownFileType = text.plist.strings; name = en; path = en.lproj/InfoPlist.strings; sourceTree = "<group>"; };
		6BF2372E177BE32100763839 /* AttachmentBehaviorTests.m */ = {isa = PBXFileReference; lastKnownFileType = sourcecode.c.objc; path = AttachmentBehaviorTests.m; sourceTree = "<group>"; };
/* End PBXFileReference section */

/* Begin PBXFrameworksBuildPhase section */
		6BF236FD177BE32100763839 /* Frameworks */ = {
			isa = PBXFrameworksBuildPhase;
			buildActionMask = 2147483647;
			files = (
				6BF23706177BE32100763839 /* CoreGraphics.framework in Frameworks */,
				6BF23708177BE32100763839 /* UIKit.framework in Frameworks */,
				6BF23704177BE32100763839 /* Foundation.framework in Frameworks */,
			);
			runOnlyForDeploymentPostprocessing = 0;
		};
		6BF2371E177BE32100763839 /* Frameworks */ = {
			isa = PBXFrameworksBuildPhase;
			buildActionMask = 2147483647;
			files = (
				6BF23723177BE32100763839 /* XCTest.framework in Frameworks */,
				6BF23725177BE32100763839 /* UIKit.framework in Frameworks */,
				6BF23724177BE32100763839 /* Foundation.framework in Frameworks */,
			);
			runOnlyForDeploymentPostprocessing = 0;
		};
/* End PBXFrameworksBuildPhase section */

/* Begin PBXGroup section */
		6BF236F7177BE32100763839 = {
			isa = PBXGroup;
			children = (
				6BF23709177BE32100763839 /* AttachmentBehavior */,
				6BF23728177BE32100763839 /* AttachmentBehaviorTests */,
				6BF23702177BE32100763839 /* Frameworks */,
				6BF23701177BE32100763839 /* Products */,
			);
			sourceTree = "<group>";
		};
		6BF23701177BE32100763839 /* Products */ = {
			isa = PBXGroup;
			children = (
				6BF23700177BE32100763839 /* AttachmentBehavior.app */,
				6BF23721177BE32100763839 /* AttachmentBehaviorTests.xctest */,
			);
			name = Products;
			sourceTree = "<group>";
		};
		6BF23702177BE32100763839 /* Frameworks */ = {
			isa = PBXGroup;
			children = (
				6BF23703177BE32100763839 /* Foundation.framework */,
				6BF23705177BE32100763839 /* CoreGraphics.framework */,
				6BF23707177BE32100763839 /* UIKit.framework */,
				6BF23722177BE32100763839 /* XCTest.framework */,
			);
			name = Frameworks;
			sourceTree = "<group>";
		};
		6BF23709177BE32100763839 /* AttachmentBehavior */ = {
			isa = PBXGroup;
			children = (
				6BF23712177BE32100763839 /* AppDelegate.h */,
				6BF23713177BE32100763839 /* AppDelegate.m */,
				6BF23715177BE32100763839 /* Main.storyboard */,
				6BF23718177BE32100763839 /* ViewController.h */,
				6BF23719177BE32100763839 /* ViewController.m */,
				6BF2371B177BE32100763839 /* Images.xcassets */,
				6BF2370A177BE32100763839 /* Supporting Files */,
			);
			path = AttachmentBehavior;
			sourceTree = "<group>";
		};
		6BF2370A177BE32100763839 /* Supporting Files */ = {
			isa = PBXGroup;
			children = (
				6BF2370B177BE32100763839 /* AttachmentBehavior-Info.plist */,
				6BF2370C177BE32100763839 /* InfoPlist.strings */,
				6BF2370F177BE32100763839 /* main.m */,
				6BF23711177BE32100763839 /* AttachmentBehavior-Prefix.pch */,
			);
			name = "Supporting Files";
			sourceTree = "<group>";
		};
		6BF23728177BE32100763839 /* AttachmentBehaviorTests */ = {
			isa = PBXGroup;
			children = (
				6BF2372E177BE32100763839 /* AttachmentBehaviorTests.m */,
				6BF23729177BE32100763839 /* Supporting Files */,
			);
			path = AttachmentBehaviorTests;
			sourceTree = "<group>";
		};
		6BF23729177BE32100763839 /* Supporting Files */ = {
			isa = PBXGroup;
			children = (
				6BF2372A177BE32100763839 /* AttachmentBehaviorTests-Info.plist */,
				6BF2372B177BE32100763839 /* InfoPlist.strings */,
			);
			name = "Supporting Files";
			sourceTree = "<group>";
		};
/* End PBXGroup section */

/* Begin PBXNativeTarget section */
		6BF236FF177BE32100763839 /* AttachmentBehavior */ = {
			isa = PBXNativeTarget;
			buildConfigurationList = 6BF23732177BE32100763839 /* Build configuration list for PBXNativeTarget "AttachmentBehavior" */;
			buildPhases = (
				6BF236FC177BE32100763839 /* Sources */,
				6BF236FD177BE32100763839 /* Frameworks */,
				6BF236FE177BE32100763839 /* Resources */,
			);
			buildRules = (
			);
			dependencies = (
			);
			name = AttachmentBehavior;
			productName = AttachmentBehavior;
			productReference = 6BF23700177BE32100763839 /* AttachmentBehavior.app */;
			productType = "com.apple.product-type.application";
		};
		6BF23720177BE32100763839 /* AttachmentBehaviorTests */ = {
			isa = PBXNativeTarget;
			buildConfigurationList = 6BF23735177BE32100763839 /* Build configuration list for PBXNativeTarget "AttachmentBehaviorTests" */;
			buildPhases = (
				6BF2371D177BE32100763839 /* Sources */,
				6BF2371E177BE32100763839 /* Frameworks */,
				6BF2371F177BE32100763839 /* Resources */,
			);
			buildRules = (
			);
			dependencies = (
				6BF23727177BE32100763839 /* PBXTargetDependency */,
			);
			name = AttachmentBehaviorTests;
			productName = AttachmentBehaviorTests;
			productReference = 6BF23721177BE32100763839 /* AttachmentBehaviorTests.xctest */;
			productType = "com.apple.product-type.bundle.unit-test";
		};
/* End PBXNativeTarget section */

/* Begin PBXProject section */
		6BF236F8177BE32100763839 /* Project object */ = {
			isa = PBXProject;
			attributes = {
				LastUpgradeCheck = 0500;
				ORGANIZATIONNAME = com.ckk;
				TargetAttributes = {
					6BF23720177BE32100763839 = {
						TestTargetID = 6BF236FF177BE32100763839;
					};
				};
			};
			buildConfigurationList = 6BF236FB177BE32100763839 /* Build configuration list for PBXProject "AttachmentBehavior" */;
			compatibilityVersion = "Xcode 3.2";
			developmentRegion = English;
			hasScannedForEncodings = 0;
			knownRegions = (
				en,
				Base,
			);
			mainGroup = 6BF236F7177BE32100763839;
			productRefGroup = 6BF23701177BE32100763839 /* Products */;
			projectDirPath = "";
			projectRoot = "";
			targets = (
				6BF236FF177BE32100763839 /* AttachmentBehavior */,
				6BF23720177BE32100763839 /* AttachmentBehaviorTests */,
			);
		};
/* End PBXProject section */

/* Begin PBXResourcesBuildPhase section */
		6BF236FE177BE32100763839 /* Resources */ = {
			isa = PBXResourcesBuildPhase;
			buildActionMask = 2147483647;
			files = (
				6BF2371C177BE32100763839 /* Images.xcassets in Resources */,
				6BF2370E177BE32100763839 /* InfoPlist.strings in Resources */,
				6BF23717177BE32100763839 /* Main.storyboard in Resources */,
			);
			runOnlyForDeploymentPostprocessing = 0;
		};
		6BF2371F177BE32100763839 /* Resources */ = {
			isa = PBXResourcesBuildPhase;
			buildActionMask = 2147483647;
			files = (
				6BF2372D177BE32100763839 /* InfoPlist.strings in Resources */,
			);
			runOnlyForDeploymentPostprocessing = 0;
		};
/* End PBXResourcesBuildPhase section */

/* Begin PBXSourcesBuildPhase section */
		6BF236FC177BE32100763839 /* Sources */ = {
			isa = PBXSourcesBuildPhase;
			buildActionMask = 2147483647;
			files = (
				6BF2371A177BE32100763839 /* ViewController.m in Sources */,
				6BF23714177BE32100763839 /* AppDelegate.m in Sources */,
				6BF23710177BE32100763839 /* main.m in Sources */,
			);
			runOnlyForDeploymentPostprocessing = 0;
		};
		6BF2371D177BE32100763839 /* Sources */ = {
			isa = PBXSourcesBuildPhase;
			buildActionMask = 2147483647;
			files = (
				6BF2372F177BE32100763839 /* AttachmentBehaviorTests.m in Sources */,
			);
			runOnlyForDeploymentPostprocessing = 0;
		};
/* End PBXSourcesBuildPhase section */

/* Begin PBXTargetDependency section */
		6BF23727177BE32100763839 /* PBXTargetDependency */ = {
			isa = PBXTargetDependency;
			target = 6BF236FF177BE32100763839 /* AttachmentBehavior */;
			targetProxy = 6BF23726177BE32100763839 /* PBXContainerItemProxy */;
		};
/* End PBXTargetDependency section */

/* Begin PBXVariantGroup section */
		6BF2370C177BE32100763839 /* InfoPlist.strings */ = {
			isa = PBXVariantGroup;
			children = (
				6BF2370D177BE32100763839 /* en */,
			);
			name = InfoPlist.strings;
			sourceTree = "<group>";
		};
		6BF23715177BE32100763839 /* Main.storyboard */ = {
			isa = PBXVariantGroup;
			children = (
				6BF23716177BE32100763839 /* Base */,
			);
			name = Main.storyboard;
			sourceTree = "<group>";
		};
		6BF2372B177BE32100763839 /* InfoPlist.strings */ = {
			isa = PBXVariantGroup;
			children = (
				6BF2372C177BE32100763839 /* en */,
			);
			name = InfoPlist.strings;
			sourceTree = "<group>";
		};
/* End PBXVariantGroup section */

/* Begin XCBuildConfiguration section */
		6BF23730177BE32100763839 /* Debug */ = {
			isa = XCBuildConfiguration;
			buildSettings = {
				ALWAYS_SEARCH_USER_PATHS = NO;
				CLANG_CXX_LANGUAGE_STANDARD = "gnu++0x";
				CLANG_CXX_LIBRARY = "libc++";
				CLANG_ENABLE_MODULES = YES;
				CLANG_ENABLE_OBJC_ARC = YES;
				CLANG_WARN_BOOL_CONVERSION = YES;
				CLANG_WARN_CONSTANT_CONVERSION = YES;
				CLANG_WARN_DIRECT_OBJC_ISA_USAGE = YES_ERROR;
				CLANG_WARN_EMPTY_BODY = YES;
				CLANG_WARN_ENUM_CONVERSION = YES;
				CLANG_WARN_INT_CONVERSION = YES;
				CLANG_WARN_OBJC_ROOT_CLASS = YES_ERROR;
				CLANG_WARN__DUPLICATE_METHOD_MATCH = YES;
				"CODE_SIGN_IDENTITY[sdk=iphoneos*]" = "iPhone Developer";
				COPY_PHASE_STRIP = NO;
				GCC_C_LANGUAGE_STANDARD = gnu99;
				GCC_DYNAMIC_NO_PIC = NO;
				GCC_OPTIMIZATION_LEVEL = 0;
				GCC_PREPROCESSOR_DEFINITIONS = (
					"DEBUG=1",
					"$(inherited)",
				);
				GCC_SYMBOLS_PRIVATE_EXTERN = NO;
				GCC_WARN_ABOUT_RETURN_TYPE = YES_ERROR;
				GCC_WARN_UNDECLARED_SELECTOR = YES;
				GCC_WARN_UNINITIALIZED_AUTOS = YES;
				GCC_WARN_UNUSED_FUNCTION = YES;
				GCC_WARN_UNUSED_VARIABLE = YES;
				IPHONEOS_DEPLOYMENT_TARGET = 7.0;
				ONLY_ACTIVE_ARCH = YES;
				SDKROOT = iphoneos;
			};
			name = Debug;
		};
		6BF23731177BE32100763839 /* Release */ = {
			isa = XCBuildConfiguration;
			buildSettings = {
				ALWAYS_SEARCH_USER_PATHS = NO;
				CLANG_CXX_LANGUAGE_STANDARD = "gnu++0x";
				CLANG_CXX_LIBRARY = "libc++";
				CLANG_ENABLE_MODULES = YES;
				CLANG_ENABLE_OBJC_ARC = YES;
				CLANG_WARN_BOOL_CONVERSION = YES;
				CLANG_WARN_CONSTANT_CONVERSION = YES;
				CLANG_WARN_DIRECT_OBJC_ISA_USAGE = YES_ERROR;
				CLANG_WARN_EMPTY_BODY = YES;
				CLANG_WARN_ENUM_CONVERSION = YES;
				CLANG_WARN_INT_CONVERSION = YES;
				CLANG_WARN_OBJC_ROOT_CLASS = YES_ERROR;
				CLANG_WARN__DUPLICATE_METHOD_MATCH = YES;
				"CODE_SIGN_IDENTITY[sdk=iphoneos*]" = "iPhone Developer";
				COPY_PHASE_STRIP = YES;
				ENABLE_NS_ASSERTIONS = NO;
				GCC_C_LANGUAGE_STANDARD = gnu99;
				GCC_WARN_ABOUT_RETURN_TYPE = YES_ERROR;
				GCC_WARN_UNDECLARED_SELECTOR = YES;
				GCC_WARN_UNINITIALIZED_AUTOS = YES;
				GCC_WARN_UNUSED_FUNCTION = YES;
				GCC_WARN_UNUSED_VARIABLE = YES;
				IPHONEOS_DEPLOYMENT_TARGET = 7.0;
				SDKROOT = iphoneos;
				VALIDATE_PRODUCT = YES;
			};
			name = Release;
		};
		6BF23733177BE32100763839 /* Debug */ = {
			isa = XCBuildConfiguration;
			buildSettings = {
				ASSETCATALOG_COMPILER_APPICON_NAME = AppIcon;
				ASSETCATALOG_COMPILER_LAUNCHIMAGE_NAME = LaunchImage;
				GCC_PRECOMPILE_PREFIX_HEADER = YES;
				GCC_PREFIX_HEADER = "AttachmentBehavior/AttachmentBehavior-Prefix.pch";
				INFOPLIST_FILE = "AttachmentBehavior/AttachmentBehavior-Info.plist";
				PRODUCT_NAME = "$(TARGET_NAME)";
				WRAPPER_EXTENSION = app;
			};
			name = Debug;
		};
		6BF23734177BE32100763839 /* Release */ = {
			isa = XCBuildConfiguration;
			buildSettings = {
				ASSETCATALOG_COMPILER_APPICON_NAME = AppIcon;
				ASSETCATALOG_COMPILER_LAUNCHIMAGE_NAME = LaunchImage;
				GCC_PRECOMPILE_PREFIX_HEADER = YES;
				GCC_PREFIX_HEADER = "AttachmentBehavior/AttachmentBehavior-Prefix.pch";
				INFOPLIST_FILE = "AttachmentBehavior/AttachmentBehavior-Info.plist";
				PRODUCT_NAME = "$(TARGET_NAME)";
				WRAPPER_EXTENSION = app;
			};
			name = Release;
		};
		6BF23736177BE32100763839 /* Debug */ = {
			isa = XCBuildConfiguration;
			buildSettings = {
				BUNDLE_LOADER = "$(BUILT_PRODUCTS_DIR)/AttachmentBehavior.app/AttachmentBehavior";
				FRAMEWORK_SEARCH_PATHS = (
					"$(SDKROOT)/Developer/Library/Frameworks",
					"$(inherited)",
					"$(SYSTEM_APPS_DIR)/Xcode5-DP2.app/Contents/Developer/Library/Frameworks",
				);
				GCC_PRECOMPILE_PREFIX_HEADER = YES;
				GCC_PREFIX_HEADER = "AttachmentBehavior/AttachmentBehavior-Prefix.pch";
				GCC_PREPROCESSOR_DEFINITIONS = (
					"DEBUG=1",
					"$(inherited)",
				);
				INFOPLIST_FILE = "AttachmentBehaviorTests/AttachmentBehaviorTests-Info.plist";
				PRODUCT_NAME = "$(TARGET_NAME)";
				TEST_HOST = "$(BUNDLE_LOADER)";
				WRAPPER_EXTENSION = xctest;
			};
			name = Debug;
		};
		6BF23737177BE32100763839 /* Release */ = {
			isa = XCBuildConfiguration;
			buildSettings = {
				BUNDLE_LOADER = "$(BUILT_PRODUCTS_DIR)/AttachmentBehavior.app/AttachmentBehavior";
				FRAMEWORK_SEARCH_PATHS = (
					"$(SDKROOT)/Developer/Library/Frameworks",
					"$(inherited)",
					"$(SYSTEM_APPS_DIR)/Xcode5-DP2.app/Contents/Developer/Library/Frameworks",
				);
				GCC_PRECOMPILE_PREFIX_HEADER = YES;
				GCC_PREFIX_HEADER = "AttachmentBehavior/AttachmentBehavior-Prefix.pch";
				INFOPLIST_FILE = "AttachmentBehaviorTests/AttachmentBehaviorTests-Info.plist";
				PRODUCT_NAME = "$(TARGET_NAME)";
				TEST_HOST = "$(BUNDLE_LOADER)";
				WRAPPER_EXTENSION = xctest;
			};
			name = Release;
		};
/* End XCBuildConfiguration section */

/* Begin XCConfigurationList section */
		6BF236FB177BE32100763839 /* Build configuration list for PBXProject "AttachmentBehavior" */ = {
			isa = XCConfigurationList;
			buildConfigurations = (
				6BF23730177BE32100763839 /* Debug */,
				6BF23731177BE32100763839 /* Release */,
			);
			defaultConfigurationIsVisible = 0;
			defaultConfigurationName = Release;
		};
		6BF23732177BE32100763839 /* Build configuration list for PBXNativeTarget "AttachmentBehavior" */ = {
			isa = XCConfigurationList;
			buildConfigurations = (
				6BF23733177BE32100763839 /* Debug */,
				6BF23734177BE32100763839 /* Release */,
			);
			defaultConfigurationIsVisible = 0;
		};
		6BF23735177BE32100763839 /* Build configuration list for PBXNativeTarget "AttachmentBehaviorTests" */ = {
			isa = XCConfigurationList;
			buildConfigurations = (
				6BF23736177BE32100763839 /* Debug */,
				6BF23737177BE32100763839 /* Release */,
			);
			defaultConfigurationIsVisible = 0;
		};
/* End XCConfigurationList section */
	};
	rootObject = 6BF236F8177BE32100763839 /* Project object */;
}
