// !$*UTF8*$!
{
	archiveVersion = 1;
	classes = {
	};
	objectVersion = 46;
	objects = {

/* Begin PBXBuildFile section */
		6B68B0F317AE709300168156 /* DropboxSDK.framework in Frameworks */ = {isa = PBXBuildFile; fileRef = 6B68B0F217AE709300168156 /* DropboxSDK.framework */; };
		6B6C027C15CE1D4C0064B572 /* UIKit.framework in Frameworks */ = {isa = PBXBuildFile; fileRef = 6B6C027B15CE1D4C0064B572 /* UIKit.framework */; };
		6B6C027E15CE1D4C0064B572 /* Foundation.framework in Frameworks */ = {isa = PBXBuildFile; fileRef = 6B6C027D15CE1D4C0064B572 /* Foundation.framework */; };
		6B6C028015CE1D4C0064B572 /* CoreGraphics.framework in Frameworks */ = {isa = PBXBuildFile; fileRef = 6B6C027F15CE1D4C0064B572 /* CoreGraphics.framework */; };
		6B6C028615CE1D4C0064B572 /* InfoPlist.strings in Resources */ = {isa = PBXBuildFile; fileRef = 6B6C028415CE1D4C0064B572 /* InfoPlist.strings */; };
		6B6C028815CE1D4C0064B572 /* main.m in Sources */ = {isa = PBXBuildFile; fileRef = 6B6C028715CE1D4C0064B572 /* main.m */; };
		6B6C028C15CE1D4C0064B572 /* AppDelegate.m in Sources */ = {isa = PBXBuildFile; fileRef = 6B6C028B15CE1D4C0064B572 /* AppDelegate.m */; };
		6B6C028F15CE1D4C0064B572 /* MainStoryboard.storyboard in Resources */ = {isa = PBXBuildFile; fileRef = 6B6C028D15CE1D4C0064B572 /* MainStoryboard.storyboard */; };
		6B6C029215CE1D4C0064B572 /* ViewController.m in Sources */ = {isa = PBXBuildFile; fileRef = 6B6C029115CE1D4C0064B572 /* ViewController.m */; };
		6B6C029B15CE1D720064B572 /* QuartzCore.framework in Frameworks */ = {isa = PBXBuildFile; fileRef = 6B6C029A15CE1D720064B572 /* QuartzCore.framework */; };
		6B6C029D15CE1D780064B572 /* Security.framework in Frameworks */ = {isa = PBXBuildFile; fileRef = 6B6C029C15CE1D780064B572 /* Security.framework */; };
/* End PBXBuildFile section */

/* Begin PBXFileReference section */
		6B68B0F217AE709300168156 /* DropboxSDK.framework */ = {isa = PBXFileReference; lastKnownFileType = wrapper.framework; path = DropboxSDK.framework; sourceTree = "<group>"; };
		6B6C027715CE1D4C0064B572 /* DropboxTest.app */ = {isa = PBXFileReference; explicitFileType = wrapper.application; includeInIndex = 0; path = DropboxTest.app; sourceTree = BUILT_PRODUCTS_DIR; };
		6B6C027B15CE1D4C0064B572 /* UIKit.framework */ = {isa = PBXFileReference; lastKnownFileType = wrapper.framework; name = UIKit.framework; path = System/Library/Frameworks/UIKit.framework; sourceTree = SDKROOT; };
		6B6C027D15CE1D4C0064B572 /* Foundation.framework */ = {isa = PBXFileReference; lastKnownFileType = wrapper.framework; name = Foundation.framework; path = System/Library/Frameworks/Foundation.framework; sourceTree = SDKROOT; };
		6B6C027F15CE1D4C0064B572 /* CoreGraphics.framework */ = {isa = PBXFileReference; lastKnownFileType = wrapper.framework; name = CoreGraphics.framework; path = System/Library/Frameworks/CoreGraphics.framework; sourceTree = SDKROOT; };
		6B6C028315CE1D4C0064B572 /* DropboxTest-Info.plist */ = {isa = PBXFileReference; lastKnownFileType = text.plist.xml; path = "DropboxTest-Info.plist"; sourceTree = "<group>"; };
		6B6C028515CE1D4C0064B572 /* en */ = {isa = PBXFileReference; lastKnownFileType = text.plist.strings; name = en; path = en.lproj/InfoPlist.strings; sourceTree = "<group>"; };
		6B6C028715CE1D4C0064B572 /* main.m */ = {isa = PBXFileReference; lastKnownFileType = sourcecode.c.objc; path = main.m; sourceTree = "<group>"; };
		6B6C028915CE1D4C0064B572 /* DropboxTest-Prefix.pch */ = {isa = PBXFileReference; lastKnownFileType = sourcecode.c.h; path = "DropboxTest-Prefix.pch"; sourceTree = "<group>"; };
		6B6C028A15CE1D4C0064B572 /* AppDelegate.h */ = {isa = PBXFileReference; lastKnownFileType = sourcecode.c.h; path = AppDelegate.h; sourceTree = "<group>"; };
		6B6C028B15CE1D4C0064B572 /* AppDelegate.m */ = {isa = PBXFileReference; lastKnownFileType = sourcecode.c.objc; path = AppDelegate.m; sourceTree = "<group>"; };
		6B6C028E15CE1D4C0064B572 /* en */ = {isa = PBXFileReference; lastKnownFileType = file.storyboard; name = en; path = en.lproj/MainStoryboard.storyboard; sourceTree = "<group>"; };
		6B6C029015CE1D4C0064B572 /* ViewController.h */ = {isa = PBXFileReference; lastKnownFileType = sourcecode.c.h; path = ViewController.h; sourceTree = "<group>"; };
		6B6C029115CE1D4C0064B572 /* ViewController.m */ = {isa = PBXFileReference; lastKnownFileType = sourcecode.c.objc; path = ViewController.m; sourceTree = "<group>"; };
		6B6C029A15CE1D720064B572 /* QuartzCore.framework */ = {isa = PBXFileReference; lastKnownFileType = wrapper.framework; name = QuartzCore.framework; path = System/Library/Frameworks/QuartzCore.framework; sourceTree = SDKROOT; };
		6B6C029C15CE1D780064B572 /* Security.framework */ = {isa = PBXFileReference; lastKnownFileType = wrapper.framework; name = Security.framework; path = System/Library/Frameworks/Security.framework; sourceTree = SDKROOT; };
/* End PBXFileReference section */

/* Begin PBXFrameworksBuildPhase section */
		6B6C027415CE1D4C0064B572 /* Frameworks */ = {
			isa = PBXFrameworksBuildPhase;
			buildActionMask = 2147483647;
			files = (
				6B68B0F317AE709300168156 /* DropboxSDK.framework in Frameworks */,
				6B6C029D15CE1D780064B572 /* Security.framework in Frameworks */,
				6B6C029B15CE1D720064B572 /* QuartzCore.framework in Frameworks */,
				6B6C027C15CE1D4C0064B572 /* UIKit.framework in Frameworks */,
				6B6C027E15CE1D4C0064B572 /* Foundation.framework in Frameworks */,
				6B6C028015CE1D4C0064B572 /* CoreGraphics.framework in Frameworks */,
			);
			runOnlyForDeploymentPostprocessing = 0;
		};
/* End PBXFrameworksBuildPhase section */

/* Begin PBXGroup section */
		6B6C026C15CE1D4C0064B572 = {
			isa = PBXGroup;
			children = (
				6B6C029C15CE1D780064B572 /* Security.framework */,
				6B6C029A15CE1D720064B572 /* QuartzCore.framework */,
				6B6C028115CE1D4C0064B572 /* DropboxTest */,
				6B6C027A15CE1D4C0064B572 /* Frameworks */,
				6B6C027815CE1D4C0064B572 /* Products */,
			);
			sourceTree = "<group>";
		};
		6B6C027815CE1D4C0064B572 /* Products */ = {
			isa = PBXGroup;
			children = (
				6B6C027715CE1D4C0064B572 /* DropboxTest.app */,
			);
			name = Products;
			sourceTree = "<group>";
		};
		6B6C027A15CE1D4C0064B572 /* Frameworks */ = {
			isa = PBXGroup;
			children = (
				6B68B0F217AE709300168156 /* DropboxSDK.framework */,
				6B6C027B15CE1D4C0064B572 /* UIKit.framework */,
				6B6C027D15CE1D4C0064B572 /* Foundation.framework */,
				6B6C027F15CE1D4C0064B572 /* CoreGraphics.framework */,
			);
			name = Frameworks;
			sourceTree = "<group>";
		};
		6B6C028115CE1D4C0064B572 /* DropboxTest */ = {
			isa = PBXGroup;
			children = (
				6B6C028A15CE1D4C0064B572 /* AppDelegate.h */,
				6B6C028B15CE1D4C0064B572 /* AppDelegate.m */,
				6B6C028D15CE1D4C0064B572 /* MainStoryboard.storyboard */,
				6B6C029015CE1D4C0064B572 /* ViewController.h */,
				6B6C029115CE1D4C0064B572 /* ViewController.m */,
				6B6C028215CE1D4C0064B572 /* Supporting Files */,
			);
			path = DropboxTest;
			sourceTree = "<group>";
		};
		6B6C028215CE1D4C0064B572 /* Supporting Files */ = {
			isa = PBXGroup;
			children = (
				6B6C028315CE1D4C0064B572 /* DropboxTest-Info.plist */,
				6B6C028415CE1D4C0064B572 /* InfoPlist.strings */,
				6B6C028715CE1D4C0064B572 /* main.m */,
				6B6C028915CE1D4C0064B572 /* DropboxTest-Prefix.pch */,
			);
			name = "Supporting Files";
			sourceTree = "<group>";
		};
/* End PBXGroup section */

/* Begin PBXNativeTarget section */
		6B6C027615CE1D4C0064B572 /* DropboxTest */ = {
			isa = PBXNativeTarget;
			buildConfigurationList = 6B6C029515CE1D4C0064B572 /* Build configuration list for PBXNativeTarget "DropboxTest" */;
			buildPhases = (
				6B6C027315CE1D4C0064B572 /* Sources */,
				6B6C027415CE1D4C0064B572 /* Frameworks */,
				6B6C027515CE1D4C0064B572 /* Resources */,
			);
			buildRules = (
			);
			dependencies = (
			);
			name = DropboxTest;
			productName = DropboxTest;
			productReference = 6B6C027715CE1D4C0064B572 /* DropboxTest.app */;
			productType = "com.apple.product-type.application";
		};
/* End PBXNativeTarget section */

/* Begin PBXProject section */
		6B6C026E15CE1D4C0064B572 /* Project object */ = {
			isa = PBXProject;
			attributes = {
				LastUpgradeCheck = 0450;
				ORGANIZATIONNAME = "KoKang Chu";
			};
			buildConfigurationList = 6B6C027115CE1D4C0064B572 /* Build configuration list for PBXProject "DropboxTest" */;
			compatibilityVersion = "Xcode 3.2";
			developmentRegion = English;
			hasScannedForEncodings = 0;
			knownRegions = (
				en,
			);
			mainGroup = 6B6C026C15CE1D4C0064B572;
			productRefGroup = 6B6C027815CE1D4C0064B572 /* Products */;
			projectDirPath = "";
			projectRoot = "";
			targets = (
				6B6C027615CE1D4C0064B572 /* DropboxTest */,
			);
		};
/* End PBXProject section */

/* Begin PBXResourcesBuildPhase section */
		6B6C027515CE1D4C0064B572 /* Resources */ = {
			isa = PBXResourcesBuildPhase;
			buildActionMask = 2147483647;
			files = (
				6B6C028615CE1D4C0064B572 /* InfoPlist.strings in Resources */,
				6B6C028F15CE1D4C0064B572 /* MainStoryboard.storyboard in Resources */,
			);
			runOnlyForDeploymentPostprocessing = 0;
		};
/* End PBXResourcesBuildPhase section */

/* Begin PBXSourcesBuildPhase section */
		6B6C027315CE1D4C0064B572 /* Sources */ = {
			isa = PBXSourcesBuildPhase;
			buildActionMask = 2147483647;
			files = (
				6B6C028815CE1D4C0064B572 /* main.m in Sources */,
				6B6C028C15CE1D4C0064B572 /* AppDelegate.m in Sources */,
				6B6C029215CE1D4C0064B572 /* ViewController.m in Sources */,
			);
			runOnlyForDeploymentPostprocessing = 0;
		};
/* End PBXSourcesBuildPhase section */

/* Begin PBXVariantGroup section */
		6B6C028415CE1D4C0064B572 /* InfoPlist.strings */ = {
			isa = PBXVariantGroup;
			children = (
				6B6C028515CE1D4C0064B572 /* en */,
			);
			name = InfoPlist.strings;
			sourceTree = "<group>";
		};
		6B6C028D15CE1D4C0064B572 /* MainStoryboard.storyboard */ = {
			isa = PBXVariantGroup;
			children = (
				6B6C028E15CE1D4C0064B572 /* en */,
			);
			name = MainStoryboard.storyboard;
			sourceTree = "<group>";
		};
/* End PBXVariantGroup section */

/* Begin XCBuildConfiguration section */
		6B6C029315CE1D4C0064B572 /* Debug */ = {
			isa = XCBuildConfiguration;
			buildSettings = {
				ALWAYS_SEARCH_USER_PATHS = NO;
				CLANG_CXX_LANGUAGE_STANDARD = "gnu++0x";
				CLANG_CXX_LIBRARY = "libc++";
				CLANG_ENABLE_OBJC_ARC = YES;
				CLANG_WARN__DUPLICATE_METHOD_MATCH = YES;
				"CODE_SIGN_IDENTITY[sdk=iphoneos*]" = "iPhone Developer";
				COPY_PHASE_STRIP = NO;
				GCC_C_LANGUAGE_STANDARD = gnu99;
				GCC_DYNAMIC_NO_PIC = NO;
				GCC_OPTIMIZATION_LEVEL = 0;
				GCC_PREPROCESSOR_DEFINITIONS = (
					"DEBUG=1",
					"$(inherited)",
				);
				GCC_SYMBOLS_PRIVATE_EXTERN = NO;
				GCC_WARN_ABOUT_RETURN_TYPE = YES;
				GCC_WARN_UNINITIALIZED_AUTOS = YES;
				GCC_WARN_UNUSED_VARIABLE = YES;
				IPHONEOS_DEPLOYMENT_TARGET = 6.0;
				SDKROOT = iphoneos;
			};
			name = Debug;
		};
		6B6C029415CE1D4C0064B572 /* Release */ = {
			isa = XCBuildConfiguration;
			buildSettings = {
				ALWAYS_SEARCH_USER_PATHS = NO;
				CLANG_CXX_LANGUAGE_STANDARD = "gnu++0x";
				CLANG_CXX_LIBRARY = "libc++";
				CLANG_ENABLE_OBJC_ARC = YES;
				CLANG_WARN__DUPLICATE_METHOD_MATCH = YES;
				"CODE_SIGN_IDENTITY[sdk=iphoneos*]" = "iPhone Developer";
				COPY_PHASE_STRIP = YES;
				GCC_C_LANGUAGE_STANDARD = gnu99;
				GCC_WARN_ABOUT_RETURN_TYPE = YES;
				GCC_WARN_UNINITIALIZED_AUTOS = YES;
				GCC_WARN_UNUSED_VARIABLE = YES;
				IPHONEOS_DEPLOYMENT_TARGET = 6.0;
				OTHER_CFLAGS = "-DNS_BLOCK_ASSERTIONS=1";
				SDKROOT = iphoneos;
				VALIDATE_PRODUCT = YES;
			};
			name = Release;
		};
		6B6C029615CE1D4C0064B572 /* Debug */ = {
			isa = XCBuildConfiguration;
			buildSettings = {
				FRAMEWORK_SEARCH_PATHS = (
					"$(inherited)",
					"\\\"$(SRCROOT)/DropboxTest\\\"",
					"/Users/ckk/Dropbox/我的書稿/iOS6程式設計實戰-第二版/CD-ROM/sample/ch14/13-6\\ DropboxTest",
				);
				GCC_PRECOMPILE_PREFIX_HEADER = YES;
				GCC_PREFIX_HEADER = "DropboxTest/DropboxTest-Prefix.pch";
				INFOPLIST_FILE = "DropboxTest/DropboxTest-Info.plist";
				PRODUCT_NAME = "$(TARGET_NAME)";
				WRAPPER_EXTENSION = app;
			};
			name = Debug;
		};
		6B6C029715CE1D4C0064B572 /* Release */ = {
			isa = XCBuildConfiguration;
			buildSettings = {
				FRAMEWORK_SEARCH_PATHS = (
					"$(inherited)",
					"\\\"$(SRCROOT)/DropboxTest\\\"",
					"/Users/ckk/Dropbox/我的書稿/iOS6程式設計實戰-第二版/CD-ROM/sample/ch14/13-6\\ DropboxTest",
				);
				GCC_PRECOMPILE_PREFIX_HEADER = YES;
				GCC_PREFIX_HEADER = "DropboxTest/DropboxTest-Prefix.pch";
				INFOPLIST_FILE = "DropboxTest/DropboxTest-Info.plist";
				PRODUCT_NAME = "$(TARGET_NAME)";
				WRAPPER_EXTENSION = app;
			};
			name = Release;
		};
/* End XCBuildConfiguration section */

/* Begin XCConfigurationList section */
		6B6C027115CE1D4C0064B572 /* Build configuration list for PBXProject "DropboxTest" */ = {
			isa = XCConfigurationList;
			buildConfigurations = (
				6B6C029315CE1D4C0064B572 /* Debug */,
				6B6C029415CE1D4C0064B572 /* Release */,
			);
			defaultConfigurationIsVisible = 0;
			defaultConfigurationName = Release;
		};
		6B6C029515CE1D4C0064B572 /* Build configuration list for PBXNativeTarget "DropboxTest" */ = {
			isa = XCConfigurationList;
			buildConfigurations = (
				6B6C029615CE1D4C0064B572 /* Debug */,
				6B6C029715CE1D4C0064B572 /* Release */,
			);
			defaultConfigurationIsVisible = 0;
			defaultConfigurationName = Release;
		};
/* End XCConfigurationList section */
	};
	rootObject = 6B6C026E15CE1D4C0064B572 /* Project object */;
}
