// !$*UTF8*$!
{
	archiveVersion = 1;
	classes = {
	};
	objectVersion = 46;
	objects = {

/* Begin PBXBuildFile section */
		6B4EEAEB15AE5DA8007AE2B2 /* UIKit.framework in Frameworks */ = {isa = PBXBuildFile; fileRef = 6B4EEAEA15AE5DA8007AE2B2 /* UIKit.framework */; };
		6B4EEAED15AE5DA8007AE2B2 /* Foundation.framework in Frameworks */ = {isa = PBXBuildFile; fileRef = 6B4EEAEC15AE5DA8007AE2B2 /* Foundation.framework */; };
		6B4EEAEF15AE5DA8007AE2B2 /* CoreGraphics.framework in Frameworks */ = {isa = PBXBuildFile; fileRef = 6B4EEAEE15AE5DA8007AE2B2 /* CoreGraphics.framework */; };
		6B4EEAF515AE5DA8007AE2B2 /* InfoPlist.strings in Resources */ = {isa = PBXBuildFile; fileRef = 6B4EEAF315AE5DA8007AE2B2 /* InfoPlist.strings */; };
		6B4EEAF715AE5DA8007AE2B2 /* main.m in Sources */ = {isa = PBXBuildFile; fileRef = 6B4EEAF615AE5DA8007AE2B2 /* main.m */; };
		6B4EEAFB15AE5DA8007AE2B2 /* AppDelegate.m in Sources */ = {isa = PBXBuildFile; fileRef = 6B4EEAFA15AE5DA8007AE2B2 /* AppDelegate.m */; };
		6B4EEAFE15AE5DA8007AE2B2 /* MainStoryboard.storyboard in Resources */ = {isa = PBXBuildFile; fileRef = 6B4EEAFC15AE5DA8007AE2B2 /* MainStoryboard.storyboard */; };
		6B4EEB0115AE5DA8007AE2B2 /* ViewController.m in Sources */ = {isa = PBXBuildFile; fileRef = 6B4EEB0015AE5DA8007AE2B2 /* ViewController.m */; };
/* End PBXBuildFile section */

/* Begin PBXFileReference section */
		6B4EEAE615AE5DA8007AE2B2 /* FrameAnimation.app */ = {isa = PBXFileReference; explicitFileType = wrapper.application; includeInIndex = 0; path = FrameAnimation.app; sourceTree = BUILT_PRODUCTS_DIR; };
		6B4EEAEA15AE5DA8007AE2B2 /* UIKit.framework */ = {isa = PBXFileReference; lastKnownFileType = wrapper.framework; name = UIKit.framework; path = System/Library/Frameworks/UIKit.framework; sourceTree = SDKROOT; };
		6B4EEAEC15AE5DA8007AE2B2 /* Foundation.framework */ = {isa = PBXFileReference; lastKnownFileType = wrapper.framework; name = Foundation.framework; path = System/Library/Frameworks/Foundation.framework; sourceTree = SDKROOT; };
		6B4EEAEE15AE5DA8007AE2B2 /* CoreGraphics.framework */ = {isa = PBXFileReference; lastKnownFileType = wrapper.framework; name = CoreGraphics.framework; path = System/Library/Frameworks/CoreGraphics.framework; sourceTree = SDKROOT; };
		6B4EEAF215AE5DA8007AE2B2 /* FrameAnimation-Info.plist */ = {isa = PBXFileReference; lastKnownFileType = text.plist.xml; path = "FrameAnimation-Info.plist"; sourceTree = "<group>"; };
		6B4EEAF415AE5DA8007AE2B2 /* en */ = {isa = PBXFileReference; lastKnownFileType = text.plist.strings; name = en; path = en.lproj/InfoPlist.strings; sourceTree = "<group>"; };
		6B4EEAF615AE5DA8007AE2B2 /* main.m */ = {isa = PBXFileReference; lastKnownFileType = sourcecode.c.objc; path = main.m; sourceTree = "<group>"; };
		6B4EEAF815AE5DA8007AE2B2 /* FrameAnimation-Prefix.pch */ = {isa = PBXFileReference; lastKnownFileType = sourcecode.c.h; path = "FrameAnimation-Prefix.pch"; sourceTree = "<group>"; };
		6B4EEAF915AE5DA8007AE2B2 /* AppDelegate.h */ = {isa = PBXFileReference; lastKnownFileType = sourcecode.c.h; path = AppDelegate.h; sourceTree = "<group>"; };
		6B4EEAFA15AE5DA8007AE2B2 /* AppDelegate.m */ = {isa = PBXFileReference; lastKnownFileType = sourcecode.c.objc; path = AppDelegate.m; sourceTree = "<group>"; };
		6B4EEAFD15AE5DA8007AE2B2 /* en */ = {isa = PBXFileReference; lastKnownFileType = file.storyboard; name = en; path = en.lproj/MainStoryboard.storyboard; sourceTree = "<group>"; };
		6B4EEAFF15AE5DA8007AE2B2 /* ViewController.h */ = {isa = PBXFileReference; lastKnownFileType = sourcecode.c.h; path = ViewController.h; sourceTree = "<group>"; };
		6B4EEB0015AE5DA8007AE2B2 /* ViewController.m */ = {isa = PBXFileReference; lastKnownFileType = sourcecode.c.objc; path = ViewController.m; sourceTree = "<group>"; };
/* End PBXFileReference section */

/* Begin PBXFrameworksBuildPhase section */
		6B4EEAE315AE5DA7007AE2B2 /* Frameworks */ = {
			isa = PBXFrameworksBuildPhase;
			buildActionMask = 2147483647;
			files = (
				6B4EEAEB15AE5DA8007AE2B2 /* UIKit.framework in Frameworks */,
				6B4EEAED15AE5DA8007AE2B2 /* Foundation.framework in Frameworks */,
				6B4EEAEF15AE5DA8007AE2B2 /* CoreGraphics.framework in Frameworks */,
			);
			runOnlyForDeploymentPostprocessing = 0;
		};
/* End PBXFrameworksBuildPhase section */

/* Begin PBXGroup section */
		6B4EEADB15AE5DA7007AE2B2 = {
			isa = PBXGroup;
			children = (
				6B4EEAF015AE5DA8007AE2B2 /* FrameAnimation */,
				6B4EEAE915AE5DA8007AE2B2 /* Frameworks */,
				6B4EEAE715AE5DA8007AE2B2 /* Products */,
			);
			sourceTree = "<group>";
		};
		6B4EEAE715AE5DA8007AE2B2 /* Products */ = {
			isa = PBXGroup;
			children = (
				6B4EEAE615AE5DA8007AE2B2 /* FrameAnimation.app */,
			);
			name = Products;
			sourceTree = "<group>";
		};
		6B4EEAE915AE5DA8007AE2B2 /* Frameworks */ = {
			isa = PBXGroup;
			children = (
				6B4EEAEA15AE5DA8007AE2B2 /* UIKit.framework */,
				6B4EEAEC15AE5DA8007AE2B2 /* Foundation.framework */,
				6B4EEAEE15AE5DA8007AE2B2 /* CoreGraphics.framework */,
			);
			name = Frameworks;
			sourceTree = "<group>";
		};
		6B4EEAF015AE5DA8007AE2B2 /* FrameAnimation */ = {
			isa = PBXGroup;
			children = (
				6B4EEAF915AE5DA8007AE2B2 /* AppDelegate.h */,
				6B4EEAFA15AE5DA8007AE2B2 /* AppDelegate.m */,
				6B4EEAFC15AE5DA8007AE2B2 /* MainStoryboard.storyboard */,
				6B4EEAFF15AE5DA8007AE2B2 /* ViewController.h */,
				6B4EEB0015AE5DA8007AE2B2 /* ViewController.m */,
				6B4EEAF115AE5DA8007AE2B2 /* Supporting Files */,
			);
			path = FrameAnimation;
			sourceTree = "<group>";
		};
		6B4EEAF115AE5DA8007AE2B2 /* Supporting Files */ = {
			isa = PBXGroup;
			children = (
				6B4EEAF215AE5DA8007AE2B2 /* FrameAnimation-Info.plist */,
				6B4EEAF315AE5DA8007AE2B2 /* InfoPlist.strings */,
				6B4EEAF615AE5DA8007AE2B2 /* main.m */,
				6B4EEAF815AE5DA8007AE2B2 /* FrameAnimation-Prefix.pch */,
			);
			name = "Supporting Files";
			sourceTree = "<group>";
		};
/* End PBXGroup section */

/* Begin PBXNativeTarget section */
		6B4EEAE515AE5DA7007AE2B2 /* FrameAnimation */ = {
			isa = PBXNativeTarget;
			buildConfigurationList = 6B4EEB0415AE5DA8007AE2B2 /* Build configuration list for PBXNativeTarget "FrameAnimation" */;
			buildPhases = (
				6B4EEAE215AE5DA7007AE2B2 /* Sources */,
				6B4EEAE315AE5DA7007AE2B2 /* Frameworks */,
				6B4EEAE415AE5DA7007AE2B2 /* Resources */,
			);
			buildRules = (
			);
			dependencies = (
			);
			name = FrameAnimation;
			productName = FrameAnimation;
			productReference = 6B4EEAE615AE5DA8007AE2B2 /* FrameAnimation.app */;
			productType = "com.apple.product-type.application";
		};
/* End PBXNativeTarget section */

/* Begin PBXProject section */
		6B4EEADD15AE5DA7007AE2B2 /* Project object */ = {
			isa = PBXProject;
			attributes = {
				LastUpgradeCheck = 0450;
				ORGANIZATIONNAME = "KoKang Chu";
			};
			buildConfigurationList = 6B4EEAE015AE5DA7007AE2B2 /* Build configuration list for PBXProject "FrameAnimation" */;
			compatibilityVersion = "Xcode 3.2";
			developmentRegion = English;
			hasScannedForEncodings = 0;
			knownRegions = (
				en,
			);
			mainGroup = 6B4EEADB15AE5DA7007AE2B2;
			productRefGroup = 6B4EEAE715AE5DA8007AE2B2 /* Products */;
			projectDirPath = "";
			projectRoot = "";
			targets = (
				6B4EEAE515AE5DA7007AE2B2 /* FrameAnimation */,
			);
		};
/* End PBXProject section */

/* Begin PBXResourcesBuildPhase section */
		6B4EEAE415AE5DA7007AE2B2 /* Resources */ = {
			isa = PBXResourcesBuildPhase;
			buildActionMask = 2147483647;
			files = (
				6B4EEAF515AE5DA8007AE2B2 /* InfoPlist.strings in Resources */,
				6B4EEAFE15AE5DA8007AE2B2 /* MainStoryboard.storyboard in Resources */,
			);
			runOnlyForDeploymentPostprocessing = 0;
		};
/* End PBXResourcesBuildPhase section */

/* Begin PBXSourcesBuildPhase section */
		6B4EEAE215AE5DA7007AE2B2 /* Sources */ = {
			isa = PBXSourcesBuildPhase;
			buildActionMask = 2147483647;
			files = (
				6B4EEAF715AE5DA8007AE2B2 /* main.m in Sources */,
				6B4EEAFB15AE5DA8007AE2B2 /* AppDelegate.m in Sources */,
				6B4EEB0115AE5DA8007AE2B2 /* ViewController.m in Sources */,
			);
			runOnlyForDeploymentPostprocessing = 0;
		};
/* End PBXSourcesBuildPhase section */

/* Begin PBXVariantGroup section */
		6B4EEAF315AE5DA8007AE2B2 /* InfoPlist.strings */ = {
			isa = PBXVariantGroup;
			children = (
				6B4EEAF415AE5DA8007AE2B2 /* en */,
			);
			name = InfoPlist.strings;
			sourceTree = "<group>";
		};
		6B4EEAFC15AE5DA8007AE2B2 /* MainStoryboard.storyboard */ = {
			isa = PBXVariantGroup;
			children = (
				6B4EEAFD15AE5DA8007AE2B2 /* en */,
			);
			name = MainStoryboard.storyboard;
			sourceTree = "<group>";
		};
/* End PBXVariantGroup section */

/* Begin XCBuildConfiguration section */
		6B4EEB0215AE5DA8007AE2B2 /* Debug */ = {
			isa = XCBuildConfiguration;
			buildSettings = {
				ALWAYS_SEARCH_USER_PATHS = NO;
				CLANG_CXX_LANGUAGE_STANDARD = "gnu++0x";
				CLANG_ENABLE_OBJC_ARC = YES;
				CLANG_WARN__DUPLICATE_METHOD_MATCH = YES;
				"CODE_SIGN_IDENTITY[sdk=iphoneos*]" = "iPhone Developer";
				COPY_PHASE_STRIP = NO;
				GCC_C_LANGUAGE_STANDARD = gnu99;
				GCC_DYNAMIC_NO_PIC = NO;
				GCC_OPTIMIZATION_LEVEL = 0;
				GCC_PREPROCESSOR_DEFINITIONS = (
					"DEBUG=1",
					"$(inherited)",
				);
				GCC_SYMBOLS_PRIVATE_EXTERN = NO;
				GCC_WARN_ABOUT_RETURN_TYPE = YES;
				GCC_WARN_UNINITIALIZED_AUTOS = YES;
				GCC_WARN_UNUSED_VARIABLE = YES;
				IPHONEOS_DEPLOYMENT_TARGET = 6.0;
				SDKROOT = iphoneos;
			};
			name = Debug;
		};
		6B4EEB0315AE5DA8007AE2B2 /* Release */ = {
			isa = XCBuildConfiguration;
			buildSettings = {
				ALWAYS_SEARCH_USER_PATHS = NO;
				CLANG_CXX_LANGUAGE_STANDARD = "gnu++0x";
				CLANG_ENABLE_OBJC_ARC = YES;
				CLANG_WARN__DUPLICATE_METHOD_MATCH = YES;
				"CODE_SIGN_IDENTITY[sdk=iphoneos*]" = "iPhone Developer";
				COPY_PHASE_STRIP = YES;
				GCC_C_LANGUAGE_STANDARD = gnu99;
				GCC_WARN_ABOUT_RETURN_TYPE = YES;
				GCC_WARN_UNINITIALIZED_AUTOS = YES;
				GCC_WARN_UNUSED_VARIABLE = YES;
				IPHONEOS_DEPLOYMENT_TARGET = 6.0;
				OTHER_CFLAGS = "-DNS_BLOCK_ASSERTIONS=1";
				SDKROOT = iphoneos;
				VALIDATE_PRODUCT = YES;
			};
			name = Release;
		};
		6B4EEB0515AE5DA8007AE2B2 /* Debug */ = {
			isa = XCBuildConfiguration;
			buildSettings = {
				GCC_PRECOMPILE_PREFIX_HEADER = YES;
				GCC_PREFIX_HEADER = "FrameAnimation/FrameAnimation-Prefix.pch";
				INFOPLIST_FILE = "FrameAnimation/FrameAnimation-Info.plist";
				PRODUCT_NAME = "$(TARGET_NAME)";
				WRAPPER_EXTENSION = app;
			};
			name = Debug;
		};
		6B4EEB0615AE5DA8007AE2B2 /* Release */ = {
			isa = XCBuildConfiguration;
			buildSettings = {
				GCC_PRECOMPILE_PREFIX_HEADER = YES;
				GCC_PREFIX_HEADER = "FrameAnimation/FrameAnimation-Prefix.pch";
				INFOPLIST_FILE = "FrameAnimation/FrameAnimation-Info.plist";
				PRODUCT_NAME = "$(TARGET_NAME)";
				WRAPPER_EXTENSION = app;
			};
			name = Release;
		};
/* End XCBuildConfiguration section */

/* Begin XCConfigurationList section */
		6B4EEAE015AE5DA7007AE2B2 /* Build configuration list for PBXProject "FrameAnimation" */ = {
			isa = XCConfigurationList;
			buildConfigurations = (
				6B4EEB0215AE5DA8007AE2B2 /* Debug */,
				6B4EEB0315AE5DA8007AE2B2 /* Release */,
			);
			defaultConfigurationIsVisible = 0;
			defaultConfigurationName = Release;
		};
		6B4EEB0415AE5DA8007AE2B2 /* Build configuration list for PBXNativeTarget "FrameAnimation" */ = {
			isa = XCConfigurationList;
			buildConfigurations = (
				6B4EEB0515AE5DA8007AE2B2 /* Debug */,
				6B4EEB0615AE5DA8007AE2B2 /* Release */,
			);
			defaultConfigurationIsVisible = 0;
		};
/* End XCConfigurationList section */
	};
	rootObject = 6B4EEADD15AE5DA7007AE2B2 /* Project object */;
}
