// !$*UTF8*$!
{
	archiveVersion = 1;
	classes = {
	};
	objectVersion = 46;
	objects = {

/* Begin PBXBuildFile section */
		6B91475B158ABDBC00555756 /* UIKit.framework in Frameworks */ = {isa = PBXBuildFile; fileRef = 6B91475A158ABDBC00555756 /* UIKit.framework */; };
		6B91475D158ABDBC00555756 /* Foundation.framework in Frameworks */ = {isa = PBXBuildFile; fileRef = 6B91475C158ABDBC00555756 /* Foundation.framework */; };
		6B91475F158ABDBC00555756 /* CoreGraphics.framework in Frameworks */ = {isa = PBXBuildFile; fileRef = 6B91475E158ABDBC00555756 /* CoreGraphics.framework */; };
		6B914761158ABDBC00555756 /* CoreData.framework in Frameworks */ = {isa = PBXBuildFile; fileRef = 6B914760158ABDBC00555756 /* CoreData.framework */; };
		6B914767158ABDBC00555756 /* InfoPlist.strings in Resources */ = {isa = PBXBuildFile; fileRef = 6B914765158ABDBC00555756 /* InfoPlist.strings */; };
		6B914769158ABDBC00555756 /* main.m in Sources */ = {isa = PBXBuildFile; fileRef = 6B914768158ABDBC00555756 /* main.m */; };
		6B91476D158ABDBC00555756 /* AppDelegate.m in Sources */ = {isa = PBXBuildFile; fileRef = 6B91476C158ABDBC00555756 /* AppDelegate.m */; };
		6B914770158ABDBC00555756 /* Design_CoreData.xcdatamodeld in Sources */ = {isa = PBXBuildFile; fileRef = 6B91476E158ABDBC00555756 /* Design_CoreData.xcdatamodeld */; };
		6B91477C158AC7D700555756 /* Car.m in Sources */ = {isa = PBXBuildFile; fileRef = 6B91477B158AC7D700555756 /* Car.m */; };
		6B914780158AC7D700555756 /* UserData.m in Sources */ = {isa = PBXBuildFile; fileRef = 6B91477F158AC7D700555756 /* UserData.m */; };
/* End PBXBuildFile section */

/* Begin PBXFileReference section */
		6B914756158ABDBC00555756 /* Design_CoreData.app */ = {isa = PBXFileReference; explicitFileType = wrapper.application; includeInIndex = 0; path = Design_CoreData.app; sourceTree = BUILT_PRODUCTS_DIR; };
		6B91475A158ABDBC00555756 /* UIKit.framework */ = {isa = PBXFileReference; lastKnownFileType = wrapper.framework; name = UIKit.framework; path = System/Library/Frameworks/UIKit.framework; sourceTree = SDKROOT; };
		6B91475C158ABDBC00555756 /* Foundation.framework */ = {isa = PBXFileReference; lastKnownFileType = wrapper.framework; name = Foundation.framework; path = System/Library/Frameworks/Foundation.framework; sourceTree = SDKROOT; };
		6B91475E158ABDBC00555756 /* CoreGraphics.framework */ = {isa = PBXFileReference; lastKnownFileType = wrapper.framework; name = CoreGraphics.framework; path = System/Library/Frameworks/CoreGraphics.framework; sourceTree = SDKROOT; };
		6B914760158ABDBC00555756 /* CoreData.framework */ = {isa = PBXFileReference; lastKnownFileType = wrapper.framework; name = CoreData.framework; path = System/Library/Frameworks/CoreData.framework; sourceTree = SDKROOT; };
		6B914764158ABDBC00555756 /* Design_CoreData-Info.plist */ = {isa = PBXFileReference; lastKnownFileType = text.plist.xml; path = "Design_CoreData-Info.plist"; sourceTree = "<group>"; };
		6B914766158ABDBC00555756 /* en */ = {isa = PBXFileReference; lastKnownFileType = text.plist.strings; name = en; path = en.lproj/InfoPlist.strings; sourceTree = "<group>"; };
		6B914768158ABDBC00555756 /* main.m */ = {isa = PBXFileReference; lastKnownFileType = sourcecode.c.objc; path = main.m; sourceTree = "<group>"; };
		6B91476A158ABDBC00555756 /* Design_CoreData-Prefix.pch */ = {isa = PBXFileReference; lastKnownFileType = sourcecode.c.h; path = "Design_CoreData-Prefix.pch"; sourceTree = "<group>"; };
		6B91476B158ABDBC00555756 /* AppDelegate.h */ = {isa = PBXFileReference; lastKnownFileType = sourcecode.c.h; path = AppDelegate.h; sourceTree = "<group>"; };
		6B91476C158ABDBC00555756 /* AppDelegate.m */ = {isa = PBXFileReference; lastKnownFileType = sourcecode.c.objc; path = AppDelegate.m; sourceTree = "<group>"; };
		6B91476F158ABDBC00555756 /* Design_CoreData.xcdatamodel */ = {isa = PBXFileReference; lastKnownFileType = wrapper.xcdatamodel; path = Design_CoreData.xcdatamodel; sourceTree = "<group>"; };
		6B91477A158AC7D700555756 /* Car.h */ = {isa = PBXFileReference; fileEncoding = 4; lastKnownFileType = sourcecode.c.h; path = Car.h; sourceTree = "<group>"; };
		6B91477B158AC7D700555756 /* Car.m */ = {isa = PBXFileReference; fileEncoding = 4; lastKnownFileType = sourcecode.c.objc; path = Car.m; sourceTree = "<group>"; };
		6B91477E158AC7D700555756 /* UserData.h */ = {isa = PBXFileReference; fileEncoding = 4; lastKnownFileType = sourcecode.c.h; path = UserData.h; sourceTree = "<group>"; };
		6B91477F158AC7D700555756 /* UserData.m */ = {isa = PBXFileReference; fileEncoding = 4; lastKnownFileType = sourcecode.c.objc; path = UserData.m; sourceTree = "<group>"; };
/* End PBXFileReference section */

/* Begin PBXFrameworksBuildPhase section */
		6B914753158ABDBC00555756 /* Frameworks */ = {
			isa = PBXFrameworksBuildPhase;
			buildActionMask = 2147483647;
			files = (
				6B91475B158ABDBC00555756 /* UIKit.framework in Frameworks */,
				6B91475D158ABDBC00555756 /* Foundation.framework in Frameworks */,
				6B91475F158ABDBC00555756 /* CoreGraphics.framework in Frameworks */,
				6B914761158ABDBC00555756 /* CoreData.framework in Frameworks */,
			);
			runOnlyForDeploymentPostprocessing = 0;
		};
/* End PBXFrameworksBuildPhase section */

/* Begin PBXGroup section */
		6B91474B158ABDBC00555756 = {
			isa = PBXGroup;
			children = (
				6B914762158ABDBC00555756 /* Design_CoreData */,
				6B914759158ABDBC00555756 /* Frameworks */,
				6B914757158ABDBC00555756 /* Products */,
			);
			sourceTree = "<group>";
		};
		6B914757158ABDBC00555756 /* Products */ = {
			isa = PBXGroup;
			children = (
				6B914756158ABDBC00555756 /* Design_CoreData.app */,
			);
			name = Products;
			sourceTree = "<group>";
		};
		6B914759158ABDBC00555756 /* Frameworks */ = {
			isa = PBXGroup;
			children = (
				6B91475A158ABDBC00555756 /* UIKit.framework */,
				6B91475C158ABDBC00555756 /* Foundation.framework */,
				6B91475E158ABDBC00555756 /* CoreGraphics.framework */,
				6B914760158ABDBC00555756 /* CoreData.framework */,
			);
			name = Frameworks;
			sourceTree = "<group>";
		};
		6B914762158ABDBC00555756 /* Design_CoreData */ = {
			isa = PBXGroup;
			children = (
				6B91476B158ABDBC00555756 /* AppDelegate.h */,
				6B91476C158ABDBC00555756 /* AppDelegate.m */,
				6B91476E158ABDBC00555756 /* Design_CoreData.xcdatamodeld */,
				6B91477E158AC7D700555756 /* UserData.h */,
				6B91477F158AC7D700555756 /* UserData.m */,
				6B91477A158AC7D700555756 /* Car.h */,
				6B91477B158AC7D700555756 /* Car.m */,
				6B914763158ABDBC00555756 /* Supporting Files */,
			);
			path = Design_CoreData;
			sourceTree = "<group>";
		};
		6B914763158ABDBC00555756 /* Supporting Files */ = {
			isa = PBXGroup;
			children = (
				6B914764158ABDBC00555756 /* Design_CoreData-Info.plist */,
				6B914765158ABDBC00555756 /* InfoPlist.strings */,
				6B914768158ABDBC00555756 /* main.m */,
				6B91476A158ABDBC00555756 /* Design_CoreData-Prefix.pch */,
			);
			name = "Supporting Files";
			sourceTree = "<group>";
		};
/* End PBXGroup section */

/* Begin PBXNativeTarget section */
		6B914755158ABDBC00555756 /* Design_CoreData */ = {
			isa = PBXNativeTarget;
			buildConfigurationList = 6B914773158ABDBC00555756 /* Build configuration list for PBXNativeTarget "Design_CoreData" */;
			buildPhases = (
				6B914752158ABDBC00555756 /* Sources */,
				6B914753158ABDBC00555756 /* Frameworks */,
				6B914754158ABDBC00555756 /* Resources */,
			);
			buildRules = (
			);
			dependencies = (
			);
			name = Design_CoreData;
			productName = Design_CoreData;
			productReference = 6B914756158ABDBC00555756 /* Design_CoreData.app */;
			productType = "com.apple.product-type.application";
		};
/* End PBXNativeTarget section */

/* Begin PBXProject section */
		6B91474D158ABDBC00555756 /* Project object */ = {
			isa = PBXProject;
			attributes = {
				LastUpgradeCheck = 0450;
			};
			buildConfigurationList = 6B914750158ABDBC00555756 /* Build configuration list for PBXProject "Design_CoreData" */;
			compatibilityVersion = "Xcode 3.2";
			developmentRegion = English;
			hasScannedForEncodings = 0;
			knownRegions = (
				en,
			);
			mainGroup = 6B91474B158ABDBC00555756;
			productRefGroup = 6B914757158ABDBC00555756 /* Products */;
			projectDirPath = "";
			projectRoot = "";
			targets = (
				6B914755158ABDBC00555756 /* Design_CoreData */,
			);
		};
/* End PBXProject section */

/* Begin PBXResourcesBuildPhase section */
		6B914754158ABDBC00555756 /* Resources */ = {
			isa = PBXResourcesBuildPhase;
			buildActionMask = 2147483647;
			files = (
				6B914767158ABDBC00555756 /* InfoPlist.strings in Resources */,
			);
			runOnlyForDeploymentPostprocessing = 0;
		};
/* End PBXResourcesBuildPhase section */

/* Begin PBXSourcesBuildPhase section */
		6B914752158ABDBC00555756 /* Sources */ = {
			isa = PBXSourcesBuildPhase;
			buildActionMask = 2147483647;
			files = (
				6B914769158ABDBC00555756 /* main.m in Sources */,
				6B91476D158ABDBC00555756 /* AppDelegate.m in Sources */,
				6B914770158ABDBC00555756 /* Design_CoreData.xcdatamodeld in Sources */,
				6B91477C158AC7D700555756 /* Car.m in Sources */,
				6B914780158AC7D700555756 /* UserData.m in Sources */,
			);
			runOnlyForDeploymentPostprocessing = 0;
		};
/* End PBXSourcesBuildPhase section */

/* Begin PBXVariantGroup section */
		6B914765158ABDBC00555756 /* InfoPlist.strings */ = {
			isa = PBXVariantGroup;
			children = (
				6B914766158ABDBC00555756 /* en */,
			);
			name = InfoPlist.strings;
			sourceTree = "<group>";
		};
/* End PBXVariantGroup section */

/* Begin XCBuildConfiguration section */
		6B914771158ABDBC00555756 /* Debug */ = {
			isa = XCBuildConfiguration;
			buildSettings = {
				ALWAYS_SEARCH_USER_PATHS = NO;
				CLANG_CXX_LANGUAGE_STANDARD = "gnu++0x";
				CLANG_ENABLE_OBJC_ARC = YES;
				CLANG_WARN__DUPLICATE_METHOD_MATCH = YES;
				"CODE_SIGN_IDENTITY[sdk=iphoneos*]" = "iPhone Developer";
				COPY_PHASE_STRIP = NO;
				GCC_C_LANGUAGE_STANDARD = gnu99;
				GCC_DYNAMIC_NO_PIC = NO;
				GCC_OPTIMIZATION_LEVEL = 0;
				GCC_PREPROCESSOR_DEFINITIONS = (
					"DEBUG=1",
					"$(inherited)",
				);
				GCC_SYMBOLS_PRIVATE_EXTERN = NO;
				GCC_WARN_ABOUT_RETURN_TYPE = YES;
				GCC_WARN_UNINITIALIZED_AUTOS = YES;
				GCC_WARN_UNUSED_VARIABLE = YES;
				IPHONEOS_DEPLOYMENT_TARGET = 6.0;
				SDKROOT = iphoneos;
			};
			name = Debug;
		};
		6B914772158ABDBC00555756 /* Release */ = {
			isa = XCBuildConfiguration;
			buildSettings = {
				ALWAYS_SEARCH_USER_PATHS = NO;
				CLANG_CXX_LANGUAGE_STANDARD = "gnu++0x";
				CLANG_ENABLE_OBJC_ARC = YES;
				CLANG_WARN__DUPLICATE_METHOD_MATCH = YES;
				"CODE_SIGN_IDENTITY[sdk=iphoneos*]" = "iPhone Developer";
				COPY_PHASE_STRIP = YES;
				GCC_C_LANGUAGE_STANDARD = gnu99;
				GCC_WARN_ABOUT_RETURN_TYPE = YES;
				GCC_WARN_UNINITIALIZED_AUTOS = YES;
				GCC_WARN_UNUSED_VARIABLE = YES;
				IPHONEOS_DEPLOYMENT_TARGET = 6.0;
				OTHER_CFLAGS = "-DNS_BLOCK_ASSERTIONS=1";
				SDKROOT = iphoneos;
				VALIDATE_PRODUCT = YES;
			};
			name = Release;
		};
		6B914774158ABDBC00555756 /* Debug */ = {
			isa = XCBuildConfiguration;
			buildSettings = {
				GCC_PRECOMPILE_PREFIX_HEADER = YES;
				GCC_PREFIX_HEADER = "Design_CoreData/Design_CoreData-Prefix.pch";
				INFOPLIST_FILE = "Design_CoreData/Design_CoreData-Info.plist";
				PRODUCT_NAME = "$(TARGET_NAME)";
				WRAPPER_EXTENSION = app;
			};
			name = Debug;
		};
		6B914775158ABDBC00555756 /* Release */ = {
			isa = XCBuildConfiguration;
			buildSettings = {
				GCC_PRECOMPILE_PREFIX_HEADER = YES;
				GCC_PREFIX_HEADER = "Design_CoreData/Design_CoreData-Prefix.pch";
				INFOPLIST_FILE = "Design_CoreData/Design_CoreData-Info.plist";
				PRODUCT_NAME = "$(TARGET_NAME)";
				WRAPPER_EXTENSION = app;
			};
			name = Release;
		};
/* End XCBuildConfiguration section */

/* Begin XCConfigurationList section */
		6B914750158ABDBC00555756 /* Build configuration list for PBXProject "Design_CoreData" */ = {
			isa = XCConfigurationList;
			buildConfigurations = (
				6B914771158ABDBC00555756 /* Debug */,
				6B914772158ABDBC00555756 /* Release */,
			);
			defaultConfigurationIsVisible = 0;
			defaultConfigurationName = Release;
		};
		6B914773158ABDBC00555756 /* Build configuration list for PBXNativeTarget "Design_CoreData" */ = {
			isa = XCConfigurationList;
			buildConfigurations = (
				6B914774158ABDBC00555756 /* Debug */,
				6B914775158ABDBC00555756 /* Release */,
			);
			defaultConfigurationIsVisible = 0;
			defaultConfigurationName = Release;
		};
/* End XCConfigurationList section */

/* Begin XCVersionGroup section */
		6B91476E158ABDBC00555756 /* Design_CoreData.xcdatamodeld */ = {
			isa = XCVersionGroup;
			children = (
				6B91476F158ABDBC00555756 /* Design_CoreData.xcdatamodel */,
			);
			currentVersion = 6B91476F158ABDBC00555756 /* Design_CoreData.xcdatamodel */;
			path = Design_CoreData.xcdatamodeld;
			sourceTree = "<group>";
			versionGroupType = wrapper.xcdatamodel;
		};
/* End XCVersionGroup section */
	};
	rootObject = 6B91474D158ABDBC00555756 /* Project object */;
}
