// !$*UTF8*$!
{
	archiveVersion = 1;
	classes = {
	};
	objectVersion = 46;
	objects = {

/* Begin PBXBuildFile section */
		6B47C9D2159362C7002F96D8 /* UIKit.framework in Frameworks */ = {isa = PBXBuildFile; fileRef = 6B47C9D1159362C7002F96D8 /* UIKit.framework */; };
		6B47C9D4159362C7002F96D8 /* Foundation.framework in Frameworks */ = {isa = PBXBuildFile; fileRef = 6B47C9D3159362C7002F96D8 /* Foundation.framework */; };
		6B47C9D6159362C7002F96D8 /* CoreGraphics.framework in Frameworks */ = {isa = PBXBuildFile; fileRef = 6B47C9D5159362C7002F96D8 /* CoreGraphics.framework */; };
		6B47C9DC159362C7002F96D8 /* InfoPlist.strings in Resources */ = {isa = PBXBuildFile; fileRef = 6B47C9DA159362C7002F96D8 /* InfoPlist.strings */; };
		6B47C9DE159362C7002F96D8 /* main.m in Sources */ = {isa = PBXBuildFile; fileRef = 6B47C9DD159362C7002F96D8 /* main.m */; };
		6B47C9E2159362C7002F96D8 /* AppDelegate.m in Sources */ = {isa = PBXBuildFile; fileRef = 6B47C9E1159362C7002F96D8 /* AppDelegate.m */; };
		6B47C9E5159362C7002F96D8 /* MainStoryboard.storyboard in Resources */ = {isa = PBXBuildFile; fileRef = 6B47C9E3159362C7002F96D8 /* MainStoryboard.storyboard */; };
		6B47C9E8159362C7002F96D8 /* ViewController.m in Sources */ = {isa = PBXBuildFile; fileRef = 6B47C9E7159362C7002F96D8 /* ViewController.m */; };
		6B47C9F0159362DA002F96D8 /* CoreLocation.framework in Frameworks */ = {isa = PBXBuildFile; fileRef = 6B47C9EE159362DA002F96D8 /* CoreLocation.framework */; };
		6B47C9F1159362DA002F96D8 /* MapKit.framework in Frameworks */ = {isa = PBXBuildFile; fileRef = 6B47C9EF159362DA002F96D8 /* MapKit.framework */; };
/* End PBXBuildFile section */

/* Begin PBXFileReference section */
		6B47C9CD159362C7002F96D8 /* MapType.app */ = {isa = PBXFileReference; explicitFileType = wrapper.application; includeInIndex = 0; path = MapType.app; sourceTree = BUILT_PRODUCTS_DIR; };
		6B47C9D1159362C7002F96D8 /* UIKit.framework */ = {isa = PBXFileReference; lastKnownFileType = wrapper.framework; name = UIKit.framework; path = System/Library/Frameworks/UIKit.framework; sourceTree = SDKROOT; };
		6B47C9D3159362C7002F96D8 /* Foundation.framework */ = {isa = PBXFileReference; lastKnownFileType = wrapper.framework; name = Foundation.framework; path = System/Library/Frameworks/Foundation.framework; sourceTree = SDKROOT; };
		6B47C9D5159362C7002F96D8 /* CoreGraphics.framework */ = {isa = PBXFileReference; lastKnownFileType = wrapper.framework; name = CoreGraphics.framework; path = System/Library/Frameworks/CoreGraphics.framework; sourceTree = SDKROOT; };
		6B47C9D9159362C7002F96D8 /* MapType-Info.plist */ = {isa = PBXFileReference; lastKnownFileType = text.plist.xml; path = "MapType-Info.plist"; sourceTree = "<group>"; };
		6B47C9DB159362C7002F96D8 /* en */ = {isa = PBXFileReference; lastKnownFileType = text.plist.strings; name = en; path = en.lproj/InfoPlist.strings; sourceTree = "<group>"; };
		6B47C9DD159362C7002F96D8 /* main.m */ = {isa = PBXFileReference; lastKnownFileType = sourcecode.c.objc; path = main.m; sourceTree = "<group>"; };
		6B47C9DF159362C7002F96D8 /* MapType-Prefix.pch */ = {isa = PBXFileReference; lastKnownFileType = sourcecode.c.h; path = "MapType-Prefix.pch"; sourceTree = "<group>"; };
		6B47C9E0159362C7002F96D8 /* AppDelegate.h */ = {isa = PBXFileReference; lastKnownFileType = sourcecode.c.h; path = AppDelegate.h; sourceTree = "<group>"; };
		6B47C9E1159362C7002F96D8 /* AppDelegate.m */ = {isa = PBXFileReference; lastKnownFileType = sourcecode.c.objc; path = AppDelegate.m; sourceTree = "<group>"; };
		6B47C9E4159362C7002F96D8 /* en */ = {isa = PBXFileReference; lastKnownFileType = file.storyboard; name = en; path = en.lproj/MainStoryboard.storyboard; sourceTree = "<group>"; };
		6B47C9E6159362C7002F96D8 /* ViewController.h */ = {isa = PBXFileReference; lastKnownFileType = sourcecode.c.h; path = ViewController.h; sourceTree = "<group>"; };
		6B47C9E7159362C7002F96D8 /* ViewController.m */ = {isa = PBXFileReference; lastKnownFileType = sourcecode.c.objc; path = ViewController.m; sourceTree = "<group>"; };
		6B47C9EE159362DA002F96D8 /* CoreLocation.framework */ = {isa = PBXFileReference; lastKnownFileType = wrapper.framework; name = CoreLocation.framework; path = System/Library/Frameworks/CoreLocation.framework; sourceTree = SDKROOT; };
		6B47C9EF159362DA002F96D8 /* MapKit.framework */ = {isa = PBXFileReference; lastKnownFileType = wrapper.framework; name = MapKit.framework; path = System/Library/Frameworks/MapKit.framework; sourceTree = SDKROOT; };
/* End PBXFileReference section */

/* Begin PBXFrameworksBuildPhase section */
		6B47C9CA159362C7002F96D8 /* Frameworks */ = {
			isa = PBXFrameworksBuildPhase;
			buildActionMask = 2147483647;
			files = (
				6B47C9F0159362DA002F96D8 /* CoreLocation.framework in Frameworks */,
				6B47C9F1159362DA002F96D8 /* MapKit.framework in Frameworks */,
				6B47C9D2159362C7002F96D8 /* UIKit.framework in Frameworks */,
				6B47C9D4159362C7002F96D8 /* Foundation.framework in Frameworks */,
				6B47C9D6159362C7002F96D8 /* CoreGraphics.framework in Frameworks */,
			);
			runOnlyForDeploymentPostprocessing = 0;
		};
/* End PBXFrameworksBuildPhase section */

/* Begin PBXGroup section */
		6B47C9C2159362C7002F96D8 = {
			isa = PBXGroup;
			children = (
				6B47C9EE159362DA002F96D8 /* CoreLocation.framework */,
				6B47C9EF159362DA002F96D8 /* MapKit.framework */,
				6B47C9D7159362C7002F96D8 /* MapType */,
				6B47C9D0159362C7002F96D8 /* Frameworks */,
				6B47C9CE159362C7002F96D8 /* Products */,
			);
			sourceTree = "<group>";
		};
		6B47C9CE159362C7002F96D8 /* Products */ = {
			isa = PBXGroup;
			children = (
				6B47C9CD159362C7002F96D8 /* MapType.app */,
			);
			name = Products;
			sourceTree = "<group>";
		};
		6B47C9D0159362C7002F96D8 /* Frameworks */ = {
			isa = PBXGroup;
			children = (
				6B47C9D1159362C7002F96D8 /* UIKit.framework */,
				6B47C9D3159362C7002F96D8 /* Foundation.framework */,
				6B47C9D5159362C7002F96D8 /* CoreGraphics.framework */,
			);
			name = Frameworks;
			sourceTree = "<group>";
		};
		6B47C9D7159362C7002F96D8 /* MapType */ = {
			isa = PBXGroup;
			children = (
				6B47C9E0159362C7002F96D8 /* AppDelegate.h */,
				6B47C9E1159362C7002F96D8 /* AppDelegate.m */,
				6B47C9E3159362C7002F96D8 /* MainStoryboard.storyboard */,
				6B47C9E6159362C7002F96D8 /* ViewController.h */,
				6B47C9E7159362C7002F96D8 /* ViewController.m */,
				6B47C9D8159362C7002F96D8 /* Supporting Files */,
			);
			path = MapType;
			sourceTree = "<group>";
		};
		6B47C9D8159362C7002F96D8 /* Supporting Files */ = {
			isa = PBXGroup;
			children = (
				6B47C9D9159362C7002F96D8 /* MapType-Info.plist */,
				6B47C9DA159362C7002F96D8 /* InfoPlist.strings */,
				6B47C9DD159362C7002F96D8 /* main.m */,
				6B47C9DF159362C7002F96D8 /* MapType-Prefix.pch */,
			);
			name = "Supporting Files";
			sourceTree = "<group>";
		};
/* End PBXGroup section */

/* Begin PBXNativeTarget section */
		6B47C9CC159362C7002F96D8 /* MapType */ = {
			isa = PBXNativeTarget;
			buildConfigurationList = 6B47C9EB159362C7002F96D8 /* Build configuration list for PBXNativeTarget "MapType" */;
			buildPhases = (
				6B47C9C9159362C7002F96D8 /* Sources */,
				6B47C9CA159362C7002F96D8 /* Frameworks */,
				6B47C9CB159362C7002F96D8 /* Resources */,
			);
			buildRules = (
			);
			dependencies = (
			);
			name = MapType;
			productName = MapType;
			productReference = 6B47C9CD159362C7002F96D8 /* MapType.app */;
			productType = "com.apple.product-type.application";
		};
/* End PBXNativeTarget section */

/* Begin PBXProject section */
		6B47C9C4159362C7002F96D8 /* Project object */ = {
			isa = PBXProject;
			attributes = {
				LastUpgradeCheck = 0450;
				ORGANIZATIONNAME = "KoKang Chu";
			};
			buildConfigurationList = 6B47C9C7159362C7002F96D8 /* Build configuration list for PBXProject "MapType" */;
			compatibilityVersion = "Xcode 3.2";
			developmentRegion = English;
			hasScannedForEncodings = 0;
			knownRegions = (
				en,
			);
			mainGroup = 6B47C9C2159362C7002F96D8;
			productRefGroup = 6B47C9CE159362C7002F96D8 /* Products */;
			projectDirPath = "";
			projectRoot = "";
			targets = (
				6B47C9CC159362C7002F96D8 /* MapType */,
			);
		};
/* End PBXProject section */

/* Begin PBXResourcesBuildPhase section */
		6B47C9CB159362C7002F96D8 /* Resources */ = {
			isa = PBXResourcesBuildPhase;
			buildActionMask = 2147483647;
			files = (
				6B47C9DC159362C7002F96D8 /* InfoPlist.strings in Resources */,
				6B47C9E5159362C7002F96D8 /* MainStoryboard.storyboard in Resources */,
			);
			runOnlyForDeploymentPostprocessing = 0;
		};
/* End PBXResourcesBuildPhase section */

/* Begin PBXSourcesBuildPhase section */
		6B47C9C9159362C7002F96D8 /* Sources */ = {
			isa = PBXSourcesBuildPhase;
			buildActionMask = 2147483647;
			files = (
				6B47C9DE159362C7002F96D8 /* main.m in Sources */,
				6B47C9E2159362C7002F96D8 /* AppDelegate.m in Sources */,
				6B47C9E8159362C7002F96D8 /* ViewController.m in Sources */,
			);
			runOnlyForDeploymentPostprocessing = 0;
		};
/* End PBXSourcesBuildPhase section */

/* Begin PBXVariantGroup section */
		6B47C9DA159362C7002F96D8 /* InfoPlist.strings */ = {
			isa = PBXVariantGroup;
			children = (
				6B47C9DB159362C7002F96D8 /* en */,
			);
			name = InfoPlist.strings;
			sourceTree = "<group>";
		};
		6B47C9E3159362C7002F96D8 /* MainStoryboard.storyboard */ = {
			isa = PBXVariantGroup;
			children = (
				6B47C9E4159362C7002F96D8 /* en */,
			);
			name = MainStoryboard.storyboard;
			sourceTree = "<group>";
		};
/* End PBXVariantGroup section */

/* Begin XCBuildConfiguration section */
		6B47C9E9159362C7002F96D8 /* Debug */ = {
			isa = XCBuildConfiguration;
			buildSettings = {
				ALWAYS_SEARCH_USER_PATHS = NO;
				CLANG_CXX_LANGUAGE_STANDARD = "gnu++0x";
				CLANG_ENABLE_OBJC_ARC = YES;
				CLANG_WARN__DUPLICATE_METHOD_MATCH = YES;
				"CODE_SIGN_IDENTITY[sdk=iphoneos*]" = "iPhone Developer";
				COPY_PHASE_STRIP = NO;
				GCC_C_LANGUAGE_STANDARD = gnu99;
				GCC_DYNAMIC_NO_PIC = NO;
				GCC_OPTIMIZATION_LEVEL = 0;
				GCC_PREPROCESSOR_DEFINITIONS = (
					"DEBUG=1",
					"$(inherited)",
				);
				GCC_SYMBOLS_PRIVATE_EXTERN = NO;
				GCC_WARN_ABOUT_RETURN_TYPE = YES;
				GCC_WARN_UNINITIALIZED_AUTOS = YES;
				GCC_WARN_UNUSED_VARIABLE = YES;
				IPHONEOS_DEPLOYMENT_TARGET = 6.0;
				SDKROOT = iphoneos;
			};
			name = Debug;
		};
		6B47C9EA159362C7002F96D8 /* Release */ = {
			isa = XCBuildConfiguration;
			buildSettings = {
				ALWAYS_SEARCH_USER_PATHS = NO;
				CLANG_CXX_LANGUAGE_STANDARD = "gnu++0x";
				CLANG_ENABLE_OBJC_ARC = YES;
				CLANG_WARN__DUPLICATE_METHOD_MATCH = YES;
				"CODE_SIGN_IDENTITY[sdk=iphoneos*]" = "iPhone Developer";
				COPY_PHASE_STRIP = YES;
				GCC_C_LANGUAGE_STANDARD = gnu99;
				GCC_WARN_ABOUT_RETURN_TYPE = YES;
				GCC_WARN_UNINITIALIZED_AUTOS = YES;
				GCC_WARN_UNUSED_VARIABLE = YES;
				IPHONEOS_DEPLOYMENT_TARGET = 6.0;
				OTHER_CFLAGS = "-DNS_BLOCK_ASSERTIONS=1";
				SDKROOT = iphoneos;
				VALIDATE_PRODUCT = YES;
			};
			name = Release;
		};
		6B47C9EC159362C7002F96D8 /* Debug */ = {
			isa = XCBuildConfiguration;
			buildSettings = {
				GCC_PRECOMPILE_PREFIX_HEADER = YES;
				GCC_PREFIX_HEADER = "MapType/MapType-Prefix.pch";
				INFOPLIST_FILE = "MapType/MapType-Info.plist";
				PRODUCT_NAME = "$(TARGET_NAME)";
				WRAPPER_EXTENSION = app;
			};
			name = Debug;
		};
		6B47C9ED159362C7002F96D8 /* Release */ = {
			isa = XCBuildConfiguration;
			buildSettings = {
				GCC_PRECOMPILE_PREFIX_HEADER = YES;
				GCC_PREFIX_HEADER = "MapType/MapType-Prefix.pch";
				INFOPLIST_FILE = "MapType/MapType-Info.plist";
				PRODUCT_NAME = "$(TARGET_NAME)";
				WRAPPER_EXTENSION = app;
			};
			name = Release;
		};
/* End XCBuildConfiguration section */

/* Begin XCConfigurationList section */
		6B47C9C7159362C7002F96D8 /* Build configuration list for PBXProject "MapType" */ = {
			isa = XCConfigurationList;
			buildConfigurations = (
				6B47C9E9159362C7002F96D8 /* Debug */,
				6B47C9EA159362C7002F96D8 /* Release */,
			);
			defaultConfigurationIsVisible = 0;
			defaultConfigurationName = Release;
		};
		6B47C9EB159362C7002F96D8 /* Build configuration list for PBXNativeTarget "MapType" */ = {
			isa = XCConfigurationList;
			buildConfigurations = (
				6B47C9EC159362C7002F96D8 /* Debug */,
				6B47C9ED159362C7002F96D8 /* Release */,
			);
			defaultConfigurationIsVisible = 0;
		};
/* End XCConfigurationList section */
	};
	rootObject = 6B47C9C4159362C7002F96D8 /* Project object */;
}
